// !$*UTF8*$!
{
	archiveVersion = 1;
	classes = {
	};
	objectVersion = 46;
	objects = {

/* Begin PBXBuildFile section */
		923C862A1521DF96000F0931 /* UIKit.framework in Frameworks */ = {isa = PBXBuildFile; fileRef = 923C86291521DF96000F0931 /* UIKit.framework */; };
		923C862C1521DF96000F0931 /* Foundation.framework in Frameworks */ = {isa = PBXBuildFile; fileRef = 923C862B1521DF96000F0931 /* Foundation.framework */; };
		923C862E1521DF96000F0931 /* CoreGraphics.framework in Frameworks */ = {isa = PBXBuildFile; fileRef = 923C862D1521DF96000F0931 /* CoreGraphics.framework */; };
		923C86361521DF96000F0931 /* main.m in Sources */ = {isa = PBXBuildFile; fileRef = 923C86351521DF96000F0931 /* main.m */; };
		923C864D1521E01C000F0931 /* FitnessTrainerAppDelegate.m in Sources */ = {isa = PBXBuildFile; fileRef = 923C864B1521E01C000F0931 /* FitnessTrainerAppDelegate.m */; };
		923C86541521E039000F0931 /* Home_VC.m in Sources */ = {isa = PBXBuildFile; fileRef = 923C86521521E039000F0931 /* Home_VC.m */; };
		923C86571521E2AD000F0931 /* fitness banner.jpg in Resources */ = {isa = PBXBuildFile; fileRef = 923C86561521E2AD000F0931 /* fitness banner.jpg */; };
		923C865D1521E5BC000F0931 /* fitness ava.png in Resources */ = {isa = PBXBuildFile; fileRef = 923C865C1521E5BC000F0931 /* fitness ava.png */; };
		923C86601521E765000F0931 /* checkmark.png in Resources */ = {isa = PBXBuildFile; fileRef = 923C865E1521E764000F0931 /* checkmark.png */; };
		923C86611521E765000F0931 /* checkmark@2x.png in Resources */ = {isa = PBXBuildFile; fileRef = 923C865F1521E764000F0931 /* checkmark@2x.png */; };
		923C86651521E90F000F0931 /* TrainerCell.m in Sources */ = {isa = PBXBuildFile; fileRef = 923C86641521E90F000F0931 /* TrainerCell.m */; };
		923C86691521EBCB000F0931 /* QuartzCore.framework in Frameworks */ = {isa = PBXBuildFile; fileRef = 923C86681521EBCB000F0931 /* QuartzCore.framework */; };
		923C86721521F11B000F0931 /* Workouts_VC.m in Sources */ = {isa = PBXBuildFile; fileRef = 923C86701521F11B000F0931 /* Workouts_VC.m */; };
		923C86761521F367000F0931 /* exercise_fitnes.png in Resources */ = {isa = PBXBuildFile; fileRef = 923C86741521F367000F0931 /* exercise_fitnes.png */; };
		923C86771521F367000F0931 /* exercise_fitnes@2x.png in Resources */ = {isa = PBXBuildFile; fileRef = 923C86751521F367000F0931 /* exercise_fitnes@2x.png */; };
		923C86831521FAA6000F0931 /* Training_VC.m in Sources */ = {isa = PBXBuildFile; fileRef = 923C86811521FAA5000F0931 /* Training_VC.m */; };
		923C86881521FAAE000F0931 /* Training_VC.xib in Resources */ = {isa = PBXBuildFile; fileRef = 923C86861521FAAE000F0931 /* Training_VC.xib */; };
		923C86891521FAAE000F0931 /* Workouts_VC.xib in Resources */ = {isa = PBXBuildFile; fileRef = 923C86871521FAAE000F0931 /* Workouts_VC.xib */; };
		923C868B1521FABC000F0931 /* Home_VC.xib in Resources */ = {isa = PBXBuildFile; fileRef = 923C868A1521FABC000F0931 /* Home_VC.xib */; };
		923C86901521FD47000F0931 /* SwipeCell.m in Sources */ = {isa = PBXBuildFile; fileRef = 923C868F1521FD47000F0931 /* SwipeCell.m */; };
		923C8694152200B3000F0931 /* TrainingDetail_VC.m in Sources */ = {isa = PBXBuildFile; fileRef = 923C8692152200B1000F0931 /* TrainingDetail_VC.m */; };
		923C8697152200BB000F0931 /* TrainingDetail_VC.xib in Resources */ = {isa = PBXBuildFile; fileRef = 923C8696152200BB000F0931 /* TrainingDetail_VC.xib */; };
		923C869A1522057D000F0931 /* Add Icon (green).png in Resources */ = {isa = PBXBuildFile; fileRef = 923C86981522057D000F0931 /* Add Icon (green).png */; };
		923C869B1522057D000F0931 /* Add Icon (green)@2x.png in Resources */ = {isa = PBXBuildFile; fileRef = 923C86991522057D000F0931 /* Add Icon (green)@2x.png */; };
		928CCD81152D905F003C88C1 /* fitness ava_2.png in Resources */ = {isa = PBXBuildFile; fileRef = 928CCD7F152D905F003C88C1 /* fitness ava_2.png */; };
		928CCD82152D905F003C88C1 /* fitness ava_2@2x.png in Resources */ = {isa = PBXBuildFile; fileRef = 928CCD80152D905F003C88C1 /* fitness ava_2@2x.png */; };
		928CCD86152D910B003C88C1 /* Gym Back.png in Resources */ = {isa = PBXBuildFile; fileRef = 928CCD84152D910B003C88C1 /* Gym Back.png */; };
		928CCD87152D910B003C88C1 /* Gym Back@2x.png in Resources */ = {isa = PBXBuildFile; fileRef = 928CCD85152D910B003C88C1 /* Gym Back@2x.png */; };
		928CCDAD152D93A9003C88C1 /* Gym Chest.png in Resources */ = {isa = PBXBuildFile; fileRef = 928CCDA9152D93A9003C88C1 /* Gym Chest.png */; };
		928CCDAE152D93A9003C88C1 /* Gym Chest@2x.png in Resources */ = {isa = PBXBuildFile; fileRef = 928CCDAA152D93A9003C88C1 /* Gym Chest@2x.png */; };
		928CCDAF152D93A9003C88C1 /* Gym Lower Body.png in Resources */ = {isa = PBXBuildFile; fileRef = 928CCDAB152D93A9003C88C1 /* Gym Lower Body.png */; };
		928CCDB0152D93A9003C88C1 /* Gym Lower Body@2x.png in Resources */ = {isa = PBXBuildFile; fileRef = 928CCDAC152D93A9003C88C1 /* Gym Lower Body@2x.png */; };
		928CCDC8152DA5B7003C88C1 /* Fitness-Trainer-Header.jpg in Resources */ = {isa = PBXBuildFile; fileRef = 928CCDC7152DA5B7003C88C1 /* Fitness-Trainer-Header.jpg */; };
		928CCDE6152DBEDE003C88C1 /* tennis.png in Resources */ = {isa = PBXBuildFile; fileRef = 928CCDE0152DBEDE003C88C1 /* tennis.png */; };
		928CCDE7152DBEDE003C88C1 /* tennis@2x.png in Resources */ = {isa = PBXBuildFile; fileRef = 928CCDE1152DBEDE003C88C1 /* tennis@2x.png */; };
		928CCDE8152DBEDE003C88C1 /* basketball.png in Resources */ = {isa = PBXBuildFile; fileRef = 928CCDE2152DBEDE003C88C1 /* basketball.png */; };
		928CCDE9152DBEDE003C88C1 /* basketball@2x.png in Resources */ = {isa = PBXBuildFile; fileRef = 928CCDE3152DBEDE003C88C1 /* basketball@2x.png */; };
		928CCDEA152DBEDE003C88C1 /* running.png in Resources */ = {isa = PBXBuildFile; fileRef = 928CCDE4152DBEDE003C88C1 /* running.png */; };
		928CCDEB152DBEDE003C88C1 /* running@2x.png in Resources */ = {isa = PBXBuildFile; fileRef = 928CCDE5152DBEDE003C88C1 /* running@2x.png */; };
		928CCE32152DE386003C88C1 /* One Arm Kettebell Clean.png in Resources */ = {isa = PBXBuildFile; fileRef = 928CCE26152DE386003C88C1 /* One Arm Kettebell Clean.png */; };
		928CCE33152DE386003C88C1 /* One Arm Kettebell Clean@2x.png in Resources */ = {isa = PBXBuildFile; fileRef = 928CCE27152DE386003C88C1 /* One Arm Kettebell Clean@2x.png */; };
		928CCE34152DE386003C88C1 /* Barbell Squat.png in Resources */ = {isa = PBXBuildFile; fileRef = 928CCE28152DE386003C88C1 /* Barbell Squat.png */; };
		928CCE35152DE386003C88C1 /* Barbell Squat@2x.png in Resources */ = {isa = PBXBuildFile; fileRef = 928CCE29152DE386003C88C1 /* Barbell Squat@2x.png */; };
		928CCE36152DE386003C88C1 /* Leg Press.png in Resources */ = {isa = PBXBuildFile; fileRef = 928CCE2A152DE386003C88C1 /* Leg Press.png */; };
		928CCE37152DE386003C88C1 /* Leg Press@2x.png in Resources */ = {isa = PBXBuildFile; fileRef = 928CCE2B152DE386003C88C1 /* Leg Press@2x.png */; };
		928CCE38152DE386003C88C1 /* Lying Leg Curls.png in Resources */ = {isa = PBXBuildFile; fileRef = 928CCE2C152DE386003C88C1 /* Lying Leg Curls.png */; };
		928CCE39152DE386003C88C1 /* Lying Leg Curls@2x.png in Resources */ = {isa = PBXBuildFile; fileRef = 928CCE2D152DE386003C88C1 /* Lying Leg Curls@2x.png */; };
		928CCE3A152DE386003C88C1 /* One-Legged Cable Kickback.png in Resources */ = {isa = PBXBuildFile; fileRef = 928CCE2E152DE386003C88C1 /* One-Legged Cable Kickback.png */; };
		928CCE3B152DE386003C88C1 /* One-Legged Cable Kickback@2x.png in Resources */ = {isa = PBXBuildFile; fileRef = 928CCE2F152DE386003C88C1 /* One-Legged Cable Kickback@2x.png */; };
		928CCE3C152DE386003C88C1 /* Hurdle Hops.png in Resources */ = {isa = PBXBuildFile; fileRef = 928CCE30152DE386003C88C1 /* Hurdle Hops.png */; };
		928CCE3D152DE386003C88C1 /* Hurdle Hops@2x.png in Resources */ = {isa = PBXBuildFile; fileRef = 928CCE31152DE386003C88C1 /* Hurdle Hops@2x.png */; };
		928CCE41152DE434003C88C1 /* Deadlift.png in Resources */ = {isa = PBXBuildFile; fileRef = 928CCE3F152DE434003C88C1 /* Deadlift.png */; };
		928CCE42152DE434003C88C1 /* Deadlift@2x.png in Resources */ = {isa = PBXBuildFile; fileRef = 928CCE40152DE434003C88C1 /* Deadlift@2x.png */; };
		928CCE45152DE47F003C88C1 /* Frog Hops.png in Resources */ = {isa = PBXBuildFile; fileRef = 928CCE43152DE47F003C88C1 /* Frog Hops.png */; };
		928CCE46152DE47F003C88C1 /* Frog Hops@2x.png in Resources */ = {isa = PBXBuildFile; fileRef = 928CCE44152DE47F003C88C1 /* Frog Hops@2x.png */; };
		929A2F38153D92CB001E0E5F /* 1. cardio.png in Resources */ = {isa = PBXBuildFile; fileRef = 929A2F34153D92CB001E0E5F /* 1. cardio.png */; };
		929A2F39153D92CB001E0E5F /* 4. Plyometric-5.png in Resources */ = {isa = PBXBuildFile; fileRef = 929A2F35153D92CB001E0E5F /* 4. Plyometric-5.png */; };
		929A2F3A153D92CB001E0E5F /* 03.Strength.png in Resources */ = {isa = PBXBuildFile; fileRef = 929A2F36153D92CB001E0E5F /* 03.Strength.png */; };
		929A2F3B153D92CB001E0E5F /* 02. Strength.png in Resources */ = {isa = PBXBuildFile; fileRef = 929A2F37153D92CB001E0E5F /* 02. Strength.png */; };
		929E31EF1523583000292E14 /* Workout_VC.m in Sources */ = {isa = PBXBuildFile; fileRef = 929E31ED1523583000292E14 /* Workout_VC.m */; };
		929E31F31523584C00292E14 /* Workout_VC.xib in Resources */ = {isa = PBXBuildFile; fileRef = 929E31F21523584C00292E14 /* Workout_VC.xib */; };
		929E31F51523586300292E14 /* ava_3.png in Resources */ = {isa = PBXBuildFile; fileRef = 929E31F41523586300292E14 /* ava_3.png */; };
		929E31F9152358E800292E14 /* Log_VC.m in Sources */ = {isa = PBXBuildFile; fileRef = 929E31F7152358E800292E14 /* Log_VC.m */; };
		929E31FA152358E800292E14 /* Log_VC.xib in Resources */ = {isa = PBXBuildFile; fileRef = 929E31F8152358E800292E14 /* Log_VC.xib */; };
		92C3EAFD152CB9E4002E218F /* 1.txt in Resources */ = {isa = PBXBuildFile; fileRef = 92C3EAFB152CB9E4002E218F /* 1.txt */; };
		92C3EAFE152CB9E4002E218F /* 31_2.jpg in Resources */ = {isa = PBXBuildFile; fileRef = 92C3EAFC152CB9E4002E218F /* 31_2.jpg */; };
		92D591941535A96D000B6E1C /* Landscape_VC.m in Sources */ = {isa = PBXBuildFile; fileRef = 92D591921535A96C000B6E1C /* Landscape_VC.m */; };
		92D591951535A96D000B6E1C /* Landscape_VC.xib in Resources */ = {isa = PBXBuildFile; fileRef = 92D591931535A96D000B6E1C /* Landscape_VC.xib */; };
		92E17BCC1524741100048B81 /* YourGoals_VC.m in Sources */ = {isa = PBXBuildFile; fileRef = 92E17BCA1524741100048B81 /* YourGoals_VC.m */; };
		92E17BCD1524741100048B81 /* YourGoals_VC.xib in Resources */ = {isa = PBXBuildFile; fileRef = 92E17BCB1524741100048B81 /* YourGoals_VC.xib */; };
		92E17BD31524744500048B81 /* checkbox_0@2x.png in Resources */ = {isa = PBXBuildFile; fileRef = 92E17BCF1524744500048B81 /* checkbox_0@2x.png */; };
		92E17BD41524744500048B81 /* checkbox_1@2x.png in Resources */ = {isa = PBXBuildFile; fileRef = 92E17BD01524744500048B81 /* checkbox_1@2x.png */; };
		92E17BD51524744500048B81 /* checkbox_1.png in Resources */ = {isa = PBXBuildFile; fileRef = 92E17BD11524744500048B81 /* checkbox_1.png */; };
		92E17BD61524744500048B81 /* checkbox_0.png in Resources */ = {isa = PBXBuildFile; fileRef = 92E17BD21524744500048B81 /* checkbox_0.png */; };
		92E17BDD152477AE00048B81 /* AddWorkout_VC.m in Sources */ = {isa = PBXBuildFile; fileRef = 92E17BDC152477AE00048B81 /* AddWorkout_VC.m */; };
		92E17BDF152477B800048B81 /* AddWorkout_VC.xib in Resources */ = {isa = PBXBuildFile; fileRef = 92E17BDE152477B800048B81 /* AddWorkout_VC.xib */; };
		92E17BE21524781400048B81 /* SheduleDetail_VC.m in Sources */ = {isa = PBXBuildFile; fileRef = 92E17BE11524781400048B81 /* SheduleDetail_VC.m */; };
		92E17BE41524781E00048B81 /* SheduleDetail_VC.xib in Resources */ = {isa = PBXBuildFile; fileRef = 92E17BE31524781E00048B81 /* SheduleDetail_VC.xib */; };
		92E17BE61524782900048B81 /* icon_2.jpg in Resources */ = {isa = PBXBuildFile; fileRef = 92E17BE51524782900048B81 /* icon_2.jpg */; };
/* End PBXBuildFile section */

/* Begin PBXFileReference section */
		923C86251521DF96000F0931 /* FitnessTrainer.app */ = {isa = PBXFileReference; explicitFileType = wrapper.application; includeInIndex = 0; path = FitnessTrainer.app; sourceTree = BUILT_PRODUCTS_DIR; };
		923C86291521DF96000F0931 /* UIKit.framework */ = {isa = PBXFileReference; lastKnownFileType = wrapper.framework; name = UIKit.framework; path = System/Library/Frameworks/UIKit.framework; sourceTree = SDKROOT; };
		923C862B1521DF96000F0931 /* Foundation.framework */ = {isa = PBXFileReference; lastKnownFileType = wrapper.framework; name = Foundation.framework; path = System/Library/Frameworks/Foundation.framework; sourceTree = SDKROOT; };
		923C862D1521DF96000F0931 /* CoreGraphics.framework */ = {isa = PBXFileReference; lastKnownFileType = wrapper.framework; name = CoreGraphics.framework; path = System/Library/Frameworks/CoreGraphics.framework; sourceTree = SDKROOT; };
		923C86311521DF96000F0931 /* FitnessTrainer-Info.plist */ = {isa = PBXFileReference; lastKnownFileType = text.plist.xml; path = "FitnessTrainer-Info.plist"; sourceTree = "<group>"; };
		923C86351521DF96000F0931 /* main.m */ = {isa = PBXFileReference; lastKnownFileType = sourcecode.c.objc; path = main.m; sourceTree = "<group>"; };
		923C86371521DF96000F0931 /* FitnessTrainer-Prefix.pch */ = {isa = PBXFileReference; lastKnownFileType = sourcecode.c.h; path = "FitnessTrainer-Prefix.pch"; sourceTree = "<group>"; };
		923C864A1521E01C000F0931 /* FitnessTrainerAppDelegate.h */ = {isa = PBXFileReference; fileEncoding = 4; lastKnownFileType = sourcecode.c.h; path = FitnessTrainerAppDelegate.h; sourceTree = "<group>"; };
		923C864B1521E01C000F0931 /* FitnessTrainerAppDelegate.m */ = {isa = PBXFileReference; fileEncoding = 4; lastKnownFileType = sourcecode.c.objc; path = FitnessTrainerAppDelegate.m; sourceTree = "<group>"; };
		923C86511521E039000F0931 /* Home_VC.h */ = {isa = PBXFileReference; fileEncoding = 4; lastKnownFileType = sourcecode.c.h; path = Home_VC.h; sourceTree = "<group>"; };
		923C86521521E039000F0931 /* Home_VC.m */ = {isa = PBXFileReference; fileEncoding = 4; lastKnownFileType = sourcecode.c.objc; path = Home_VC.m; sourceTree = "<group>"; };
		923C86561521E2AD000F0931 /* fitness banner.jpg */ = {isa = PBXFileReference; lastKnownFileType = image.jpeg; path = "fitness banner.jpg"; sourceTree = "<group>"; };
		923C865C1521E5BC000F0931 /* fitness ava.png */ = {isa = PBXFileReference; lastKnownFileType = image.png; path = "fitness ava.png"; sourceTree = "<group>"; };
		923C865E1521E764000F0931 /* checkmark.png */ = {isa = PBXFileReference; lastKnownFileType = image.png; path = checkmark.png; sourceTree = "<group>"; };
		923C865F1521E764000F0931 /* checkmark@2x.png */ = {isa = PBXFileReference; lastKnownFileType = image.png; path = "checkmark@2x.png"; sourceTree = "<group>"; };
		923C86631521E90F000F0931 /* TrainerCell.h */ = {isa = PBXFileReference; fileEncoding = 4; lastKnownFileType = sourcecode.c.h; path = TrainerCell.h; sourceTree = "<group>"; };
		923C86641521E90F000F0931 /* TrainerCell.m */ = {isa = PBXFileReference; fileEncoding = 4; lastKnownFileType = sourcecode.c.objc; path = TrainerCell.m; sourceTree = "<group>"; };
		923C86681521EBCB000F0931 /* QuartzCore.framework */ = {isa = PBXFileReference; lastKnownFileType = wrapper.framework; name = QuartzCore.framework; path = System/Library/Frameworks/QuartzCore.framework; sourceTree = SDKROOT; };
		923C866F1521F11B000F0931 /* Workouts_VC.h */ = {isa = PBXFileReference; fileEncoding = 4; lastKnownFileType = sourcecode.c.h; path = Workouts_VC.h; sourceTree = "<group>"; };
		923C86701521F11B000F0931 /* Workouts_VC.m */ = {isa = PBXFileReference; fileEncoding = 4; lastKnownFileType = sourcecode.c.objc; path = Workouts_VC.m; sourceTree = "<group>"; };
		923C86741521F367000F0931 /* exercise_fitnes.png */ = {isa = PBXFileReference; lastKnownFileType = image.png; path = exercise_fitnes.png; sourceTree = "<group>"; };
		923C86751521F367000F0931 /* exercise_fitnes@2x.png */ = {isa = PBXFileReference; lastKnownFileType = image.png; path = "exercise_fitnes@2x.png"; sourceTree = "<group>"; };
		923C86801521FAA5000F0931 /* Training_VC.h */ = {isa = PBXFileReference; fileEncoding = 4; lastKnownFileType = sourcecode.c.h; path = Training_VC.h; sourceTree = "<group>"; };
		923C86811521FAA5000F0931 /* Training_VC.m */ = {isa = PBXFileReference; fileEncoding = 4; lastKnownFileType = sourcecode.c.objc; path = Training_VC.m; sourceTree = "<group>"; };
		923C86861521FAAE000F0931 /* Training_VC.xib */ = {isa = PBXFileReference; fileEncoding = 4; lastKnownFileType = file.xib; path = Training_VC.xib; sourceTree = "<group>"; };
		923C86871521FAAE000F0931 /* Workouts_VC.xib */ = {isa = PBXFileReference; fileEncoding = 4; lastKnownFileType = file.xib; path = Workouts_VC.xib; sourceTree = "<group>"; };
		923C868A1521FABC000F0931 /* Home_VC.xib */ = {isa = PBXFileReference; fileEncoding = 4; lastKnownFileType = file.xib; path = Home_VC.xib; sourceTree = "<group>"; };
		923C868E1521FD47000F0931 /* SwipeCell.h */ = {isa = PBXFileReference; fileEncoding = 4; lastKnownFileType = sourcecode.c.h; path = SwipeCell.h; sourceTree = "<group>"; };
		923C868F1521FD47000F0931 /* SwipeCell.m */ = {isa = PBXFileReference; fileEncoding = 4; lastKnownFileType = sourcecode.c.objc; path = SwipeCell.m; sourceTree = "<group>"; };
		923C8691152200B1000F0931 /* TrainingDetail_VC.h */ = {isa = PBXFileReference; fileEncoding = 4; lastKnownFileType = sourcecode.c.h; path = TrainingDetail_VC.h; sourceTree = "<group>"; };
		923C8692152200B1000F0931 /* TrainingDetail_VC.m */ = {isa = PBXFileReference; fileEncoding = 4; lastKnownFileType = sourcecode.c.objc; path = TrainingDetail_VC.m; sourceTree = "<group>"; };
		923C8696152200BB000F0931 /* TrainingDetail_VC.xib */ = {isa = PBXFileReference; fileEncoding = 4; lastKnownFileType = file.xib; path = TrainingDetail_VC.xib; sourceTree = "<group>"; };
		923C86981522057D000F0931 /* Add Icon (green).png */ = {isa = PBXFileReference; lastKnownFileType = image.png; path = "Add Icon (green).png"; sourceTree = "<group>"; };
		923C86991522057D000F0931 /* Add Icon (green)@2x.png */ = {isa = PBXFileReference; lastKnownFileType = image.png; path = "Add Icon (green)@2x.png"; sourceTree = "<group>"; };
		928CCD7F152D905F003C88C1 /* fitness ava_2.png */ = {isa = PBXFileReference; lastKnownFileType = image.png; path = "fitness ava_2.png"; sourceTree = "<group>"; };
		928CCD80152D905F003C88C1 /* fitness ava_2@2x.png */ = {isa = PBXFileReference; lastKnownFileType = image.png; path = "fitness ava_2@2x.png"; sourceTree = "<group>"; };
		928CCD84152D910B003C88C1 /* Gym Back.png */ = {isa = PBXFileReference; lastKnownFileType = image.png; path = "Gym Back.png"; sourceTree = "<group>"; };
		928CCD85152D910B003C88C1 /* Gym Back@2x.png */ = {isa = PBXFileReference; lastKnownFileType = image.png; path = "Gym Back@2x.png"; sourceTree = "<group>"; };
		928CCDA9152D93A9003C88C1 /* Gym Chest.png */ = {isa = PBXFileReference; lastKnownFileType = image.png; path = "Gym Chest.png"; sourceTree = "<group>"; };
		928CCDAA152D93A9003C88C1 /* Gym Chest@2x.png */ = {isa = PBXFileReference; lastKnownFileType = image.png; path = "Gym Chest@2x.png"; sourceTree = "<group>"; };
		928CCDAB152D93A9003C88C1 /* Gym Lower Body.png */ = {isa = PBXFileReference; lastKnownFileType = image.png; path = "Gym Lower Body.png"; sourceTree = "<group>"; };
		928CCDAC152D93A9003C88C1 /* Gym Lower Body@2x.png */ = {isa = PBXFileReference; lastKnownFileType = image.png; path = "Gym Lower Body@2x.png"; sourceTree = "<group>"; };
		928CCDC7152DA5B7003C88C1 /* Fitness-Trainer-Header.jpg */ = {isa = PBXFileReference; lastKnownFileType = image.jpeg; path = "Fitness-Trainer-Header.jpg"; sourceTree = "<group>"; };
		928CCDE0152DBEDE003C88C1 /* tennis.png */ = {isa = PBXFileReference; lastKnownFileType = image.png; path = tennis.png; sourceTree = "<group>"; };
		928CCDE1152DBEDE003C88C1 /* tennis@2x.png */ = {isa = PBXFileReference; lastKnownFileType = image.png; path = "tennis@2x.png"; sourceTree = "<group>"; };
		928CCDE2152DBEDE003C88C1 /* basketball.png */ = {isa = PBXFileReference; lastKnownFileType = image.png; path = basketball.png; sourceTree = "<group>"; };
		928CCDE3152DBEDE003C88C1 /* basketball@2x.png */ = {isa = PBXFileReference; lastKnownFileType = image.png; path = "basketball@2x.png"; sourceTree = "<group>"; };
		928CCDE4152DBEDE003C88C1 /* running.png */ = {isa = PBXFileReference; lastKnownFileType = image.png; path = running.png; sourceTree = "<group>"; };
		928CCDE5152DBEDE003C88C1 /* running@2x.png */ = {isa = PBXFileReference; lastKnownFileType = image.png; path = "running@2x.png"; sourceTree = "<group>"; };
		928CCE26152DE386003C88C1 /* One Arm Kettebell Clean.png */ = {isa = PBXFileReference; lastKnownFileType = image.png; path = "One Arm Kettebell Clean.png"; sourceTree = "<group>"; };
		928CCE27152DE386003C88C1 /* One Arm Kettebell Clean@2x.png */ = {isa = PBXFileReference; lastKnownFileType = image.png; path = "One Arm Kettebell Clean@2x.png"; sourceTree = "<group>"; };
		928CCE28152DE386003C88C1 /* Barbell Squat.png */ = {isa = PBXFileReference; lastKnownFileType = image.png; path = "Barbell Squat.png"; sourceTree = "<group>"; };
		928CCE29152DE386003C88C1 /* Barbell Squat@2x.png */ = {isa = PBXFileReference; lastKnownFileType = image.png; path = "Barbell Squat@2x.png"; sourceTree = "<group>"; };
		928CCE2A152DE386003C88C1 /* Leg Press.png */ = {isa = PBXFileReference; lastKnownFileType = image.png; path = "Leg Press.png"; sourceTree = "<group>"; };
		928CCE2B152DE386003C88C1 /* Leg Press@2x.png */ = {isa = PBXFileReference; lastKnownFileType = image.png; path = "Leg Press@2x.png"; sourceTree = "<group>"; };
		928CCE2C152DE386003C88C1 /* Lying Leg Curls.png */ = {isa = PBXFileReference; lastKnownFileType = image.png; path = "Lying Leg Curls.png"; sourceTree = "<group>"; };
		928CCE2D152DE386003C88C1 /* Lying Leg Curls@2x.png */ = {isa = PBXFileReference; lastKnownFileType = image.png; path = "Lying Leg Curls@2x.png"; sourceTree = "<group>"; };
		928CCE2E152DE386003C88C1 /* One-Legged Cable Kickback.png */ = {isa = PBXFileReference; lastKnownFileType = image.png; path = "One-Legged Cable Kickback.png"; sourceTree = "<group>"; };
		928CCE2F152DE386003C88C1 /* One-Legged Cable Kickback@2x.png */ = {isa = PBXFileReference; lastKnownFileType = image.png; path = "One-Legged Cable Kickback@2x.png"; sourceTree = "<group>"; };
		928CCE30152DE386003C88C1 /* Hurdle Hops.png */ = {isa = PBXFileReference; lastKnownFileType = image.png; path = "Hurdle Hops.png"; sourceTree = "<group>"; };
		928CCE31152DE386003C88C1 /* Hurdle Hops@2x.png */ = {isa = PBXFileReference; lastKnownFileType = image.png; path = "Hurdle Hops@2x.png"; sourceTree = "<group>"; };
		928CCE3F152DE434003C88C1 /* Deadlift.png */ = {isa = PBXFileReference; lastKnownFileType = image.png; path = Deadlift.png; sourceTree = "<group>"; };
		928CCE40152DE434003C88C1 /* Deadlift@2x.png */ = {isa = PBXFileReference; lastKnownFileType = image.png; path = "Deadlift@2x.png"; sourceTree = "<group>"; };
		928CCE43152DE47F003C88C1 /* Frog Hops.png */ = {isa = PBXFileReference; lastKnownFileType = image.png; path = "Frog Hops.png"; sourceTree = "<group>"; };
		928CCE44152DE47F003C88C1 /* Frog Hops@2x.png */ = {isa = PBXFileReference; lastKnownFileType = image.png; path = "Frog Hops@2x.png"; sourceTree = "<group>"; };
		929A2F34153D92CB001E0E5F /* 1. cardio.png */ = {isa = PBXFileReference; lastKnownFileType = image.png; path = "1. cardio.png"; sourceTree = "<group>"; };
		929A2F35153D92CB001E0E5F /* 4. Plyometric-5.png */ = {isa = PBXFileReference; lastKnownFileType = image.png; path = "4. Plyometric-5.png"; sourceTree = "<group>"; };
		929A2F36153D92CB001E0E5F /* 03.Strength.png */ = {isa = PBXFileReference; lastKnownFileType = image.png; path = 03.Strength.png; sourceTree = "<group>"; };
		929A2F37153D92CB001E0E5F /* 02. Strength.png */ = {isa = PBXFileReference; lastKnownFileType = image.png; path = "02. Strength.png"; sourceTree = "<group>"; };
		929E31EC1523583000292E14 /* Workout_VC.h */ = {isa = PBXFileReference; fileEncoding = 4; lastKnownFileType = sourcecode.c.h; path = Workout_VC.h; sourceTree = "<group>"; };
		929E31ED1523583000292E14 /* Workout_VC.m */ = {isa = PBXFileReference; fileEncoding = 4; lastKnownFileType = sourcecode.c.objc; path = Workout_VC.m; sourceTree = "<group>"; };
		929E31F21523584C00292E14 /* Workout_VC.xib */ = {isa = PBXFileReference; fileEncoding = 4; lastKnownFileType = file.xib; path = Workout_VC.xib; sourceTree = "<group>"; };
		929E31F41523586300292E14 /* ava_3.png */ = {isa = PBXFileReference; lastKnownFileType = image.png; path = ava_3.png; sourceTree = "<group>"; };
		929E31F6152358E800292E14 /* Log_VC.h */ = {isa = PBXFileReference; fileEncoding = 4; lastKnownFileType = sourcecode.c.h; path = Log_VC.h; sourceTree = "<group>"; };
		929E31F7152358E800292E14 /* Log_VC.m */ = {isa = PBXFileReference; fileEncoding = 4; lastKnownFileType = sourcecode.c.objc; path = Log_VC.m; sourceTree = "<group>"; };
		929E31F8152358E800292E14 /* Log_VC.xib */ = {isa = PBXFileReference; fileEncoding = 4; lastKnownFileType = file.xib; path = Log_VC.xib; sourceTree = "<group>"; };
		92C3EAFB152CB9E4002E218F /* 1.txt */ = {isa = PBXFileReference; fileEncoding = 4; lastKnownFileType = text; path = 1.txt; sourceTree = "<group>"; };
		92C3EAFC152CB9E4002E218F /* 31_2.jpg */ = {isa = PBXFileReference; lastKnownFileType = image.jpeg; path = 31_2.jpg; sourceTree = "<group>"; };
		92D591911535A96C000B6E1C /* Landscape_VC.h */ = {isa = PBXFileReference; fileEncoding = 4; lastKnownFileType = sourcecode.c.h; path = Landscape_VC.h; sourceTree = "<group>"; };
		92D591921535A96C000B6E1C /* Landscape_VC.m */ = {isa = PBXFileReference; fileEncoding = 4; lastKnownFileType = sourcecode.c.objc; path = Landscape_VC.m; sourceTree = "<group>"; };
		92D591931535A96D000B6E1C /* Landscape_VC.xib */ = {isa = PBXFileReference; fileEncoding = 4; lastKnownFileType = file.xib; path = Landscape_VC.xib; sourceTree = "<group>"; };
		92E17BC91524741100048B81 /* YourGoals_VC.h */ = {isa = PBXFileReference; fileEncoding = 4; lastKnownFileType = sourcecode.c.h; path = YourGoals_VC.h; sourceTree = "<group>"; };
		92E17BCA1524741100048B81 /* YourGoals_VC.m */ = {isa = PBXFileReference; fileEncoding = 4; lastKnownFileType = sourcecode.c.objc; path = YourGoals_VC.m; sourceTree = "<group>"; };
		92E17BCB1524741100048B81 /* YourGoals_VC.xib */ = {isa = PBXFileReference; fileEncoding = 4; lastKnownFileType = file.xib; path = YourGoals_VC.xib; sourceTree = "<group>"; };
		92E17BCF1524744500048B81 /* checkbox_0@2x.png */ = {isa = PBXFileReference; lastKnownFileType = image.png; path = "checkbox_0@2x.png"; sourceTree = "<group>"; };
		92E17BD01524744500048B81 /* checkbox_1@2x.png */ = {isa = PBXFileReference; lastKnownFileType = image.png; path = "checkbox_1@2x.png"; sourceTree = "<group>"; };
		92E17BD11524744500048B81 /* checkbox_1.png */ = {isa = PBXFileReference; lastKnownFileType = image.png; path = checkbox_1.png; sourceTree = "<group>"; };
		92E17BD21524744500048B81 /* checkbox_0.png */ = {isa = PBXFileReference; lastKnownFileType = image.png; path = checkbox_0.png; sourceTree = "<group>"; };
		92E17BDB152477AD00048B81 /* AddWorkout_VC.h */ = {isa = PBXFileReference; fileEncoding = 4; lastKnownFileType = sourcecode.c.h; path = AddWorkout_VC.h; sourceTree = "<group>"; };
		92E17BDC152477AE00048B81 /* AddWorkout_VC.m */ = {isa = PBXFileReference; fileEncoding = 4; lastKnownFileType = sourcecode.c.objc; path = AddWorkout_VC.m; sourceTree = "<group>"; };
		92E17BDE152477B800048B81 /* AddWorkout_VC.xib */ = {isa = PBXFileReference; fileEncoding = 4; lastKnownFileType = file.xib; path = AddWorkout_VC.xib; sourceTree = "<group>"; };
		92E17BE01524781400048B81 /* SheduleDetail_VC.h */ = {isa = PBXFileReference; fileEncoding = 4; lastKnownFileType = sourcecode.c.h; path = SheduleDetail_VC.h; sourceTree = "<group>"; };
		92E17BE11524781400048B81 /* SheduleDetail_VC.m */ = {isa = PBXFileReference; fileEncoding = 4; lastKnownFileType = sourcecode.c.objc; path = SheduleDetail_VC.m; sourceTree = "<group>"; };
		92E17BE31524781E00048B81 /* SheduleDetail_VC.xib */ = {isa = PBXFileReference; fileEncoding = 4; lastKnownFileType = file.xib; path = SheduleDetail_VC.xib; sourceTree = "<group>"; };
		92E17BE51524782900048B81 /* icon_2.jpg */ = {isa = PBXFileReference; lastKnownFileType = image.jpeg; path = icon_2.jpg; sourceTree = "<group>"; };
/* End PBXFileReference section */

/* Begin PBXFrameworksBuildPhase section */
		923C86221521DF96000F0931 /* Frameworks */ = {
			isa = PBXFrameworksBuildPhase;
			buildActionMask = 2147483647;
			files = (
				923C86691521EBCB000F0931 /* QuartzCore.framework in Frameworks */,
				923C862A1521DF96000F0931 /* UIKit.framework in Frameworks */,
				923C862C1521DF96000F0931 /* Foundation.framework in Frameworks */,
				923C862E1521DF96000F0931 /* CoreGraphics.framework in Frameworks */,
			);
			runOnlyForDeploymentPostprocessing = 0;
		};
/* End PBXFrameworksBuildPhase section */

/* Begin PBXGroup section */
		923C861A1521DF96000F0931 = {
			isa = PBXGroup;
			children = (
				923C862F1521DF96000F0931 /* FitnessTrainer */,
				923C864E1521E026000F0931 /* Resources */,
				923C86301521DF96000F0931 /* Supporting Files */,
				923C86281521DF96000F0931 /* Frameworks */,
				923C86261521DF96000F0931 /* Products */,
			);
			sourceTree = "<group>";
		};
		923C86261521DF96000F0931 /* Products */ = {
			isa = PBXGroup;
			children = (
				923C86251521DF96000F0931 /* FitnessTrainer.app */,
			);
			name = Products;
			sourceTree = "<group>";
		};
		923C86281521DF96000F0931 /* Frameworks */ = {
			isa = PBXGroup;
			children = (
				923C86681521EBCB000F0931 /* QuartzCore.framework */,
				923C86291521DF96000F0931 /* UIKit.framework */,
				923C862B1521DF96000F0931 /* Foundation.framework */,
				923C862D1521DF96000F0931 /* CoreGraphics.framework */,
			);
			name = Frameworks;
			sourceTree = "<group>";
		};
		923C862F1521DF96000F0931 /* FitnessTrainer */ = {
			isa = PBXGroup;
			children = (
				923C86481521E01C000F0931 /* Classes */,
			);
			path = FitnessTrainer;
			sourceTree = "<group>";
		};
		923C86301521DF96000F0931 /* Supporting Files */ = {
			isa = PBXGroup;
			children = (
				923C86311521DF96000F0931 /* FitnessTrainer-Info.plist */,
				923C86351521DF96000F0931 /* main.m */,
				923C86371521DF96000F0931 /* FitnessTrainer-Prefix.pch */,
			);
			name = "Supporting Files";
			path = FitnessTrainer;
			sourceTree = "<group>";
		};
		923C86481521E01C000F0931 /* Classes */ = {
			isa = PBXGroup;
			children = (
				923C86491521E01C000F0931 /* AppDelegate */,
				923C864C1521E01C000F0931 /* Home_VC */,
				923C866E1521F103000F0931 /* Workouts_VC */,
				92E17BC81524741100048B81 /* YourGoals_VC */,
			);
			path = Classes;
			sourceTree = "<group>";
		};
		923C86491521E01C000F0931 /* AppDelegate */ = {
			isa = PBXGroup;
			children = (
				923C864A1521E01C000F0931 /* FitnessTrainerAppDelegate.h */,
				923C864B1521E01C000F0931 /* FitnessTrainerAppDelegate.m */,
			);
			path = AppDelegate;
			sourceTree = "<group>";
		};
		923C864C1521E01C000F0931 /* Home_VC */ = {
			isa = PBXGroup;
			children = (
				923C86621521E8F7000F0931 /* TrainerCell */,
				923C86511521E039000F0931 /* Home_VC.h */,
				923C86521521E039000F0931 /* Home_VC.m */,
			);
			path = Home_VC;
			sourceTree = "<group>";
		};
		923C864E1521E026000F0931 /* Resources */ = {
			isa = PBXGroup;
			children = (
				923C864F1521E026000F0931 /* Images */,
				923C86501521E026000F0931 /* Nibs */,
			);
			name = Resources;
			path = FitnessTrainer/Resources;
			sourceTree = "<group>";
		};
		923C864F1521E026000F0931 /* Images */ = {
			isa = PBXGroup;
			children = (
				929A2F34153D92CB001E0E5F /* 1. cardio.png */,
				929A2F35153D92CB001E0E5F /* 4. Plyometric-5.png */,
				929A2F36153D92CB001E0E5F /* 03.Strength.png */,
				929A2F37153D92CB001E0E5F /* 02. Strength.png */,
				928CCE43152DE47F003C88C1 /* Frog Hops.png */,
				928CCE44152DE47F003C88C1 /* Frog Hops@2x.png */,
				928CCE3F152DE434003C88C1 /* Deadlift.png */,
				928CCE40152DE434003C88C1 /* Deadlift@2x.png */,
				928CCE26152DE386003C88C1 /* One Arm Kettebell Clean.png */,
				928CCE27152DE386003C88C1 /* One Arm Kettebell Clean@2x.png */,
				928CCE28152DE386003C88C1 /* Barbell Squat.png */,
				928CCE29152DE386003C88C1 /* Barbell Squat@2x.png */,
				928CCE2A152DE386003C88C1 /* Leg Press.png */,
				928CCE2B152DE386003C88C1 /* Leg Press@2x.png */,
				928CCE2C152DE386003C88C1 /* Lying Leg Curls.png */,
				928CCE2D152DE386003C88C1 /* Lying Leg Curls@2x.png */,
				928CCE2E152DE386003C88C1 /* One-Legged Cable Kickback.png */,
				928CCE2F152DE386003C88C1 /* One-Legged Cable Kickback@2x.png */,
				928CCE30152DE386003C88C1 /* Hurdle Hops.png */,
				928CCE31152DE386003C88C1 /* Hurdle Hops@2x.png */,
				928CCDE0152DBEDE003C88C1 /* tennis.png */,
				928CCDE1152DBEDE003C88C1 /* tennis@2x.png */,
				928CCDE2152DBEDE003C88C1 /* basketball.png */,
				928CCDE3152DBEDE003C88C1 /* basketball@2x.png */,
				928CCDE4152DBEDE003C88C1 /* running.png */,
				928CCDE5152DBEDE003C88C1 /* running@2x.png */,
				928CCDC7152DA5B7003C88C1 /* Fitness-Trainer-Header.jpg */,
				928CCDA9152D93A9003C88C1 /* Gym Chest.png */,
				928CCDAA152D93A9003C88C1 /* Gym Chest@2x.png */,
				928CCDAB152D93A9003C88C1 /* Gym Lower Body.png */,
				928CCDAC152D93A9003C88C1 /* Gym Lower Body@2x.png */,
				928CCD84152D910B003C88C1 /* Gym Back.png */,
				928CCD85152D910B003C88C1 /* Gym Back@2x.png */,
				928CCD7F152D905F003C88C1 /* fitness ava_2.png */,
				928CCD80152D905F003C88C1 /* fitness ava_2@2x.png */,
				92C3EAFB152CB9E4002E218F /* 1.txt */,
				92C3EAFC152CB9E4002E218F /* 31_2.jpg */,
				92E17BE51524782900048B81 /* icon_2.jpg */,
				929E31F41523586300292E14 /* ava_3.png */,
				92E17BCF1524744500048B81 /* checkbox_0@2x.png */,
				92E17BD01524744500048B81 /* checkbox_1@2x.png */,
				92E17BD11524744500048B81 /* checkbox_1.png */,
				92E17BD21524744500048B81 /* checkbox_0.png */,
				923C86981522057D000F0931 /* Add Icon (green).png */,
				923C86991522057D000F0931 /* Add Icon (green)@2x.png */,
				923C86741521F367000F0931 /* exercise_fitnes.png */,
				923C86751521F367000F0931 /* exercise_fitnes@2x.png */,
				923C865E1521E764000F0931 /* checkmark.png */,
				923C865F1521E764000F0931 /* checkmark@2x.png */,
				923C865C1521E5BC000F0931 /* fitness ava.png */,
				923C86561521E2AD000F0931 /* fitness banner.jpg */,
			);
			path = Images;
			sourceTree = "<group>";
		};
		923C86501521E026000F0931 /* Nibs */ = {
			isa = PBXGroup;
			children = (
				92E17BE31524781E00048B81 /* SheduleDetail_VC.xib */,
				92E17BDE152477B800048B81 /* AddWorkout_VC.xib */,
				929E31F21523584C00292E14 /* Workout_VC.xib */,
				923C8696152200BB000F0931 /* TrainingDetail_VC.xib */,
				923C868A1521FABC000F0931 /* Home_VC.xib */,
				923C86861521FAAE000F0931 /* Training_VC.xib */,
				923C86871521FAAE000F0931 /* Workouts_VC.xib */,
			);
			path = Nibs;
			sourceTree = "<group>";
		};
		923C86621521E8F7000F0931 /* TrainerCell */ = {
			isa = PBXGroup;
			children = (
				923C86631521E90F000F0931 /* TrainerCell.h */,
				923C86641521E90F000F0931 /* TrainerCell.m */,
			);
			name = TrainerCell;
			sourceTree = "<group>";
		};
		923C866E1521F103000F0931 /* Workouts_VC */ = {
			isa = PBXGroup;
			children = (
				923C868C1521FAC5000F0931 /* Detailed */,
				923C866F1521F11B000F0931 /* Workouts_VC.h */,
				923C86701521F11B000F0931 /* Workouts_VC.m */,
				929E31EC1523583000292E14 /* Workout_VC.h */,
				929E31ED1523583000292E14 /* Workout_VC.m */,
				929E31F6152358E800292E14 /* Log_VC.h */,
				929E31F7152358E800292E14 /* Log_VC.m */,
				929E31F8152358E800292E14 /* Log_VC.xib */,
				92D591911535A96C000B6E1C /* Landscape_VC.h */,
				92D591921535A96C000B6E1C /* Landscape_VC.m */,
				92D591931535A96D000B6E1C /* Landscape_VC.xib */,
			);
			path = Workouts_VC;
			sourceTree = "<group>";
		};
		923C868C1521FAC5000F0931 /* Detailed */ = {
			isa = PBXGroup;
			children = (
				923C868D1521FD2C000F0931 /* SwipeCell */,
				923C86801521FAA5000F0931 /* Training_VC.h */,
				923C86811521FAA5000F0931 /* Training_VC.m */,
				923C8691152200B1000F0931 /* TrainingDetail_VC.h */,
				923C8692152200B1000F0931 /* TrainingDetail_VC.m */,
				92E17BDB152477AD00048B81 /* AddWorkout_VC.h */,
				92E17BDC152477AE00048B81 /* AddWorkout_VC.m */,
				92E17BE01524781400048B81 /* SheduleDetail_VC.h */,
				92E17BE11524781400048B81 /* SheduleDetail_VC.m */,
			);
			name = Detailed;
			sourceTree = "<group>";
		};
		923C868D1521FD2C000F0931 /* SwipeCell */ = {
			isa = PBXGroup;
			children = (
				923C868E1521FD47000F0931 /* SwipeCell.h */,
				923C868F1521FD47000F0931 /* SwipeCell.m */,
			);
			name = SwipeCell;
			sourceTree = "<group>";
		};
		92E17BC81524741100048B81 /* YourGoals_VC */ = {
			isa = PBXGroup;
			children = (
				92E17BC91524741100048B81 /* YourGoals_VC.h */,
				92E17BCA1524741100048B81 /* YourGoals_VC.m */,
				92E17BCB1524741100048B81 /* YourGoals_VC.xib */,
			);
			path = YourGoals_VC;
			sourceTree = "<group>";
		};
/* End PBXGroup section */

/* Begin PBXNativeTarget section */
		923C86241521DF96000F0931 /* FitnessTrainer */ = {
			isa = PBXNativeTarget;
			buildConfigurationList = 923C86431521DF96000F0931 /* Build configuration list for PBXNativeTarget "FitnessTrainer" */;
			buildPhases = (
				923C86211521DF96000F0931 /* Sources */,
				923C86221521DF96000F0931 /* Frameworks */,
				923C86231521DF96000F0931 /* Resources */,
			);
			buildRules = (
			);
			dependencies = (
			);
			name = FitnessTrainer;
			productName = FitnessTrainer;
			productReference = 923C86251521DF96000F0931 /* FitnessTrainer.app */;
			productType = "com.apple.product-type.application";
		};
/* End PBXNativeTarget section */

/* Begin PBXProject section */
		923C861C1521DF96000F0931 /* Project object */ = {
			isa = PBXProject;
			attributes = {
				LastUpgradeCheck = 0420;
			};
			buildConfigurationList = 923C861F1521DF96000F0931 /* Build configuration list for PBXProject "FitnessTrainer" */;
			compatibilityVersion = "Xcode 3.2";
			developmentRegion = English;
			hasScannedForEncodings = 0;
			knownRegions = (
				en,
			);
			mainGroup = 923C861A1521DF96000F0931;
			productRefGroup = 923C86261521DF96000F0931 /* Products */;
			projectDirPath = "";
			projectRoot = "";
			targets = (
				923C86241521DF96000F0931 /* FitnessTrainer */,
			);
		};
/* End PBXProject section */

/* Begin PBXResourcesBuildPhase section */
		923C86231521DF96000F0931 /* Resources */ = {
			isa = PBXResourcesBuildPhase;
			buildActionMask = 2147483647;
			files = (
				923C86571521E2AD000F0931 /* fitness banner.jpg in Resources */,
				923C865D1521E5BC000F0931 /* fitness ava.png in Resources */,
				923C86601521E765000F0931 /* checkmark.png in Resources */,
				923C86611521E765000F0931 /* checkmark@2x.png in Resources */,
				923C86761521F367000F0931 /* exercise_fitnes.png in Resources */,
				923C86771521F367000F0931 /* exercise_fitnes@2x.png in Resources */,
				923C86881521FAAE000F0931 /* Training_VC.xib in Resources */,
				923C86891521FAAE000F0931 /* Workouts_VC.xib in Resources */,
				923C868B1521FABC000F0931 /* Home_VC.xib in Resources */,
				923C8697152200BB000F0931 /* TrainingDetail_VC.xib in Resources */,
				923C869A1522057D000F0931 /* Add Icon (green).png in Resources */,
				923C869B1522057D000F0931 /* Add Icon (green)@2x.png in Resources */,
				929E31F31523584C00292E14 /* Workout_VC.xib in Resources */,
				929E31F51523586300292E14 /* ava_3.png in Resources */,
				929E31FA152358E800292E14 /* Log_VC.xib in Resources */,
				92E17BCD1524741100048B81 /* YourGoals_VC.xib in Resources */,
				92E17BD31524744500048B81 /* checkbox_0@2x.png in Resources */,
				92E17BD41524744500048B81 /* checkbox_1@2x.png in Resources */,
				92E17BD51524744500048B81 /* checkbox_1.png in Resources */,
				92E17BD61524744500048B81 /* checkbox_0.png in Resources */,
				92E17BDF152477B800048B81 /* AddWorkout_VC.xib in Resources */,
				92E17BE41524781E00048B81 /* SheduleDetail_VC.xib in Resources */,
				92E17BE61524782900048B81 /* icon_2.jpg in Resources */,
				92C3EAFD152CB9E4002E218F /* 1.txt in Resources */,
				92C3EAFE152CB9E4002E218F /* 31_2.jpg in Resources */,
				928CCD81152D905F003C88C1 /* fitness ava_2.png in Resources */,
				928CCD82152D905F003C88C1 /* fitness ava_2@2x.png in Resources */,
				928CCD86152D910B003C88C1 /* Gym Back.png in Resources */,
				928CCD87152D910B003C88C1 /* Gym Back@2x.png in Resources */,
				928CCDAD152D93A9003C88C1 /* Gym Chest.png in Resources */,
				928CCDAE152D93A9003C88C1 /* Gym Chest@2x.png in Resources */,
				928CCDAF152D93A9003C88C1 /* Gym Lower Body.png in Resources */,
				928CCDB0152D93A9003C88C1 /* Gym Lower Body@2x.png in Resources */,
				928CCDC8152DA5B7003C88C1 /* Fitness-Trainer-Header.jpg in Resources */,
				928CCDE6152DBEDE003C88C1 /* tennis.png in Resources */,
				928CCDE7152DBEDE003C88C1 /* tennis@2x.png in Resources */,
				928CCDE8152DBEDE003C88C1 /* basketball.png in Resources */,
				928CCDE9152DBEDE003C88C1 /* basketball@2x.png in Resources */,
				928CCDEA152DBEDE003C88C1 /* running.png in Resources */,
				928CCDEB152DBEDE003C88C1 /* running@2x.png in Resources */,
				928CCE32152DE386003C88C1 /* One Arm Kettebell Clean.png in Resources */,
				928CCE33152DE386003C88C1 /* One Arm Kettebell Clean@2x.png in Resources */,
				928CCE34152DE386003C88C1 /* Barbell Squat.png in Resources */,
				928CCE35152DE386003C88C1 /* Barbell Squat@2x.png in Resources */,
				928CCE36152DE386003C88C1 /* Leg Press.png in Resources */,
				928CCE37152DE386003C88C1 /* Leg Press@2x.png in Resources */,
				928CCE38152DE386003C88C1 /* Lying Leg Curls.png in Resources */,
				928CCE39152DE386003C88C1 /* Lying Leg Curls@2x.png in Resources */,
				928CCE3A152DE386003C88C1 /* One-Legged Cable Kickback.png in Resources */,
				928CCE3B152DE386003C88C1 /* One-Legged Cable Kickback@2x.png in Resources */,
				928CCE3C152DE386003C88C1 /* Hurdle Hops.png in Resources */,
				928CCE3D152DE386003C88C1 /* Hurdle Hops@2x.png in Resources */,
				928CCE41152DE434003C88C1 /* Deadlift.png in Resources */,
				928CCE42152DE434003C88C1 /* Deadlift@2x.png in Resources */,
				928CCE45152DE47F003C88C1 /* Frog Hops.png in Resources */,
				928CCE46152DE47F003C88C1 /* Frog Hops@2x.png in Resources */,
				92D591951535A96D000B6E1C /* Landscape_VC.xib in Resources */,
				929A2F38153D92CB001E0E5F /* 1. cardio.png in Resources */,
				929A2F39153D92CB001E0E5F /* 4. Plyometric-5.png in Resources */,
				929A2F3A153D92CB001E0E5F /* 03.Strength.png in Resources */,
				929A2F3B153D92CB001E0E5F /* 02. Strength.png in Resources */,
			);
			runOnlyForDeploymentPostprocessing = 0;
		};
/* End PBXResourcesBuildPhase section */

/* Begin PBXSourcesBuildPhase section */
		923C86211521DF96000F0931 /* Sources */ = {
			isa = PBXSourcesBuildPhase;
			buildActionMask = 2147483647;
			files = (
				923C86361521DF96000F0931 /* main.m in Sources */,
				923C864D1521E01C000F0931 /* FitnessTrainerAppDelegate.m in Sources */,
				923C86541521E039000F0931 /* Home_VC.m in Sources */,
				923C86651521E90F000F0931 /* TrainerCell.m in Sources */,
				923C86721521F11B000F0931 /* Workouts_VC.m in Sources */,
				923C86831521FAA6000F0931 /* Training_VC.m in Sources */,
				923C86901521FD47000F0931 /* SwipeCell.m in Sources */,
				923C8694152200B3000F0931 /* TrainingDetail_VC.m in Sources */,
				929E31EF1523583000292E14 /* Workout_VC.m in Sources */,
				929E31F9152358E800292E14 /* Log_VC.m in Sources */,
				92E17BCC1524741100048B81 /* YourGoals_VC.m in Sources */,
				92E17BDD152477AE00048B81 /* AddWorkout_VC.m in Sources */,
				92E17BE21524781400048B81 /* SheduleDetail_VC.m in Sources */,
				92D591941535A96D000B6E1C /* Landscape_VC.m in Sources */,
			);
			runOnlyForDeploymentPostprocessing = 0;
		};
/* End PBXSourcesBuildPhase section */

/* Begin XCBuildConfiguration section */
		923C86411521DF96000F0931 /* Debug */ = {
			isa = XCBuildConfiguration;
			buildSettings = {
				ALWAYS_SEARCH_USER_PATHS = NO;
				ARCHS = "$(ARCHS_STANDARD_32_BIT)";
				CLANG_ENABLE_OBJC_ARC = YES;
				CODE_SIGN_IDENTITY = "iPhone Developer: Andrii Morozevych (8VPKD254UM)";
				"CODE_SIGN_IDENTITY[sdk=iphoneos*]" = "iPhone Developer: Andrii Morozevych (8VPKD254UM)";
				COPY_PHASE_STRIP = NO;
				GCC_C_LANGUAGE_STANDARD = gnu99;
				GCC_DYNAMIC_NO_PIC = NO;
				GCC_OPTIMIZATION_LEVEL = 0;
				GCC_PREPROCESSOR_DEFINITIONS = (
					"DEBUG=1",
					"$(inherited)",
				);
				GCC_SYMBOLS_PRIVATE_EXTERN = NO;
				GCC_VERSION = com.apple.compilers.llvm.clang.1_0;
				GCC_WARN_ABOUT_MISSING_PROTOTYPES = YES;
				GCC_WARN_ABOUT_RETURN_TYPE = YES;
				GCC_WARN_UNUSED_VARIABLE = YES;
				IPHONEOS_DEPLOYMENT_TARGET = 5.0;
				PROVISIONING_PROFILE = "BE444CA0-3FF8-489E-890A-4F9BC00181AB";
				"PROVISIONING_PROFILE[sdk=iphoneos*]" = "BE444CA0-3FF8-489E-890A-4F9BC00181AB";
				SDKROOT = iphoneos;
			};
			name = Debug;
		};
		923C86421521DF96000F0931 /* Release */ = {
			isa = XCBuildConfiguration;
			buildSettings = {
				ALWAYS_SEARCH_USER_PATHS = NO;
				ARCHS = "$(ARCHS_STANDARD_32_BIT)";
				CLANG_ENABLE_OBJC_ARC = YES;
				CODE_SIGN_IDENTITY = "iPhone Developer: Andrii Morozevych (8VPKD254UM)";
				"CODE_SIGN_IDENTITY[sdk=iphoneos*]" = "iPhone Developer: Andrii Morozevych (8VPKD254UM)";
				COPY_PHASE_STRIP = YES;
				GCC_C_LANGUAGE_STANDARD = gnu99;
				GCC_VERSION = com.apple.compilers.llvm.clang.1_0;
				GCC_WARN_ABOUT_MISSING_PROTOTYPES = YES;
				GCC_WARN_ABOUT_RETURN_TYPE = YES;
				GCC_WARN_UNUSED_VARIABLE = YES;
				IPHONEOS_DEPLOYMENT_TARGET = 5.0;
				OTHER_CFLAGS = "-DNS_BLOCK_ASSERTIONS=1";
				PROVISIONING_PROFILE = "BE444CA0-3FF8-489E-890A-4F9BC00181AB";
				"PROVISIONING_PROFILE[sdk=iphoneos*]" = "BE444CA0-3FF8-489E-890A-4F9BC00181AB";
				SDKROOT = iphoneos;
				VALIDATE_PRODUCT = YES;
			};
			name = Release;
		};
		923C86441521DF96000F0931 /* Debug */ = {
			isa = XCBuildConfiguration;
			buildSettings = {
				CODE_SIGN_IDENTITY = "iPhone Developer: Andrii Morozevych (8VPKD254UM)";
				"CODE_SIGN_IDENTITY[sdk=iphoneos*]" = "iPhone Developer: Andrii Morozevych (8VPKD254UM)";
				GCC_PRECOMPILE_PREFIX_HEADER = YES;
				GCC_PREFIX_HEADER = "FitnessTrainer/FitnessTrainer-Prefix.pch";
				INFOPLIST_FILE = "FitnessTrainer/FitnessTrainer-Info.plist";
				IPHONEOS_DEPLOYMENT_TARGET = 4.3;
				PRODUCT_NAME = "$(TARGET_NAME)";
				PROVISIONING_PROFILE = "BE444CA0-3FF8-489E-890A-4F9BC00181AB";
				"PROVISIONING_PROFILE[sdk=iphoneos*]" = "BE444CA0-3FF8-489E-890A-4F9BC00181AB";
				WRAPPER_EXTENSION = app;
			};
			name = Debug;
		};
		923C86451521DF96000F0931 /* Release */ = {
			isa = XCBuildConfiguration;
			buildSettings = {
				CODE_SIGN_IDENTITY = "iPhone Developer: Andrii Morozevych (8VPKD254UM)";
				"CODE_SIGN_IDENTITY[sdk=iphoneos*]" = "iPhone Developer: Andrii Morozevych (8VPKD254UM)";
				GCC_PRECOMPILE_PREFIX_HEADER = YES;
				GCC_PREFIX_HEADER = "FitnessTrainer/FitnessTrainer-Prefix.pch";
				INFOPLIST_FILE = "FitnessTrainer/FitnessTrainer-Info.plist";
				IPHONEOS_DEPLOYMENT_TARGET = 4.3;
				PRODUCT_NAME = "$(TARGET_NAME)";
				PROVISIONING_PROFILE = "BE444CA0-3FF8-489E-890A-4F9BC00181AB";
				"PROVISIONING_PROFILE[sdk=iphoneos*]" = "BE444CA0-3FF8-489E-890A-4F9BC00181AB";
				WRAPPER_EXTENSION = app;
			};
			name = Release;
		};
/* End XCBuildConfiguration section */

/* Begin XCConfigurationList section */
		923C861F1521DF96000F0931 /* Build configuration list for PBXProject "FitnessTrainer" */ = {
			isa = XCConfigurationList;
			buildConfigurations = (
				923C86411521DF96000F0931 /* Debug */,
				923C86421521DF96000F0931 /* Release */,
			);
			defaultConfigurationIsVisible = 0;
			defaultConfigurationName = Release;
		};
		923C86431521DF96000F0931 /* Build configuration list for PBXNativeTarget "FitnessTrainer" */ = {
			isa = XCConfigurationList;
			buildConfigurations = (
				923C86441521DF96000F0931 /* Debug */,
				923C86451521DF96000F0931 /* Release */,
			);
			defaultConfigurationIsVisible = 0;
			defaultConfigurationName = Release;
		};
/* End XCConfigurationList section */
	};
	rootObject = 923C861C1521DF96000F0931 /* Project object */;
}
