// !$*UTF8*$!
{
	archiveVersion = 1;
	classes = {
	};
	objectVersion = 46;
	objects = {

/* Begin PBXBuildFile section */
		923C86B015220A4F000F0931 /* UIKit.framework in Frameworks */ = {isa = PBXBuildFile; fileRef = 923C86AF15220A4F000F0931 /* UIKit.framework */; };
		923C86B215220A4F000F0931 /* Foundation.framework in Frameworks */ = {isa = PBXBuildFile; fileRef = 923C86B115220A4F000F0931 /* Foundation.framework */; };
		923C86B415220A4F000F0931 /* CoreGraphics.framework in Frameworks */ = {isa = PBXBuildFile; fileRef = 923C86B315220A4F000F0931 /* CoreGraphics.framework */; };
		923C86BC15220A4F000F0931 /* main.m in Sources */ = {isa = PBXBuildFile; fileRef = 923C86BB15220A4F000F0931 /* main.m */; };
		923C86D715220AD7000F0931 /* TrainerAppDelegate.m in Sources */ = {isa = PBXBuildFile; fileRef = 923C86D615220AD7000F0931 /* TrainerAppDelegate.m */; };
		923C86DF15220B1C000F0931 /* Home_VC.m in Sources */ = {isa = PBXBuildFile; fileRef = 923C86DD15220B1C000F0931 /* Home_VC.m */; };
		923C86E515220DA5000F0931 /* ava_1.png in Resources */ = {isa = PBXBuildFile; fileRef = 923C86E115220DA5000F0931 /* ava_1.png */; };
		923C86E615220DA5000F0931 /* ava_2.png in Resources */ = {isa = PBXBuildFile; fileRef = 923C86E215220DA5000F0931 /* ava_2.png */; };
		923C86E715220DA5000F0931 /* ava_2@2x.png in Resources */ = {isa = PBXBuildFile; fileRef = 923C86E315220DA5000F0931 /* ava_2@2x.png */; };
		923C86E815220DA5000F0931 /* ava_1@2x.png in Resources */ = {isa = PBXBuildFile; fileRef = 923C86E415220DA5000F0931 /* ava_1@2x.png */; };
		928CCD9C152D9196003C88C1 /* Gym Back.png in Resources */ = {isa = PBXBuildFile; fileRef = 928CCD98152D9196003C88C1 /* Gym Back.png */; };
		928CCD9D152D9196003C88C1 /* Gym Back@2x.png in Resources */ = {isa = PBXBuildFile; fileRef = 928CCD99152D9196003C88C1 /* Gym Back@2x.png */; };
		928CCD9E152D9196003C88C1 /* fitness ava_2.png in Resources */ = {isa = PBXBuildFile; fileRef = 928CCD9A152D9196003C88C1 /* fitness ava_2.png */; };
		928CCD9F152D9196003C88C1 /* fitness ava_2@2x.png in Resources */ = {isa = PBXBuildFile; fileRef = 928CCD9B152D9196003C88C1 /* fitness ava_2@2x.png */; };
		928CCDA3152D9264003C88C1 /* Gym Lower Body.png in Resources */ = {isa = PBXBuildFile; fileRef = 928CCDA1152D9264003C88C1 /* Gym Lower Body.png */; };
		928CCDA4152D9264003C88C1 /* Gym Lower Body@2x.png in Resources */ = {isa = PBXBuildFile; fileRef = 928CCDA2152D9264003C88C1 /* Gym Lower Body@2x.png */; };
		928CCDA7152D92DC003C88C1 /* Gym Chest.png in Resources */ = {isa = PBXBuildFile; fileRef = 928CCDA5152D92DC003C88C1 /* Gym Chest.png */; };
		928CCDA8152D92DC003C88C1 /* Gym Chest@2x.png in Resources */ = {isa = PBXBuildFile; fileRef = 928CCDA6152D92DC003C88C1 /* Gym Chest@2x.png */; };
		928CCDD5152DBE00003C88C1 /* running.png in Resources */ = {isa = PBXBuildFile; fileRef = 928CCDD3152DBE00003C88C1 /* running.png */; };
		928CCDD6152DBE00003C88C1 /* running@2x.png in Resources */ = {isa = PBXBuildFile; fileRef = 928CCDD4152DBE00003C88C1 /* running@2x.png */; };
		928CCDDA152DBE63003C88C1 /* basketball.png in Resources */ = {isa = PBXBuildFile; fileRef = 928CCDD8152DBE62003C88C1 /* basketball.png */; };
		928CCDDB152DBE63003C88C1 /* basketball@2x.png in Resources */ = {isa = PBXBuildFile; fileRef = 928CCDD9152DBE63003C88C1 /* basketball@2x.png */; };
		928CCDDE152DBEB0003C88C1 /* tennis.png in Resources */ = {isa = PBXBuildFile; fileRef = 928CCDDC152DBEB0003C88C1 /* tennis.png */; };
		928CCDDF152DBEB0003C88C1 /* tennis@2x.png in Resources */ = {isa = PBXBuildFile; fileRef = 928CCDDD152DBEB0003C88C1 /* tennis@2x.png */; };
		928CCE0F152DE1B5003C88C1 /* Lying Leg Curls.png in Resources */ = {isa = PBXBuildFile; fileRef = 928CCE09152DE1B5003C88C1 /* Lying Leg Curls.png */; };
		928CCE10152DE1B5003C88C1 /* Lying Leg Curls@2x.png in Resources */ = {isa = PBXBuildFile; fileRef = 928CCE0A152DE1B5003C88C1 /* Lying Leg Curls@2x.png */; };
		928CCE11152DE1B5003C88C1 /* One-Legged Cable Kickback.png in Resources */ = {isa = PBXBuildFile; fileRef = 928CCE0B152DE1B5003C88C1 /* One-Legged Cable Kickback.png */; };
		928CCE12152DE1B5003C88C1 /* One-Legged Cable Kickback@2x.png in Resources */ = {isa = PBXBuildFile; fileRef = 928CCE0C152DE1B5003C88C1 /* One-Legged Cable Kickback@2x.png */; };
		928CCE13152DE1B5003C88C1 /* Hurdle Hops.png in Resources */ = {isa = PBXBuildFile; fileRef = 928CCE0D152DE1B5003C88C1 /* Hurdle Hops.png */; };
		928CCE14152DE1B5003C88C1 /* Hurdle Hops@2x.png in Resources */ = {isa = PBXBuildFile; fileRef = 928CCE0E152DE1B5003C88C1 /* Hurdle Hops@2x.png */; };
		928CCE18152DE21D003C88C1 /* Leg Press.png in Resources */ = {isa = PBXBuildFile; fileRef = 928CCE16152DE21D003C88C1 /* Leg Press.png */; };
		928CCE19152DE21D003C88C1 /* Leg Press@2x.png in Resources */ = {isa = PBXBuildFile; fileRef = 928CCE17152DE21D003C88C1 /* Leg Press@2x.png */; };
		928CCE1E152DE337003C88C1 /* One Arm Kettebell Clean.png in Resources */ = {isa = PBXBuildFile; fileRef = 928CCE1A152DE337003C88C1 /* One Arm Kettebell Clean.png */; };
		928CCE1F152DE337003C88C1 /* One Arm Kettebell Clean@2x.png in Resources */ = {isa = PBXBuildFile; fileRef = 928CCE1B152DE337003C88C1 /* One Arm Kettebell Clean@2x.png */; };
		928CCE20152DE337003C88C1 /* Barbell Squat.png in Resources */ = {isa = PBXBuildFile; fileRef = 928CCE1C152DE337003C88C1 /* Barbell Squat.png */; };
		928CCE21152DE337003C88C1 /* Barbell Squat@2x.png in Resources */ = {isa = PBXBuildFile; fileRef = 928CCE1D152DE337003C88C1 /* Barbell Squat@2x.png */; };
		928CCE4B152DE4B8003C88C1 /* Frog Hops.png in Resources */ = {isa = PBXBuildFile; fileRef = 928CCE47152DE4B6003C88C1 /* Frog Hops.png */; };
		928CCE4C152DE4B8003C88C1 /* Frog Hops@2x.png in Resources */ = {isa = PBXBuildFile; fileRef = 928CCE48152DE4B6003C88C1 /* Frog Hops@2x.png */; };
		928CCE4D152DE4B8003C88C1 /* Deadlift.png in Resources */ = {isa = PBXBuildFile; fileRef = 928CCE49152DE4B6003C88C1 /* Deadlift.png */; };
		928CCE4E152DE4B8003C88C1 /* Deadlift@2x.png in Resources */ = {isa = PBXBuildFile; fileRef = 928CCE4A152DE4B7003C88C1 /* Deadlift@2x.png */; };
		929A2F45153D93B4001E0E5F /* 1. cardio.png in Resources */ = {isa = PBXBuildFile; fileRef = 929A2F41153D93B4001E0E5F /* 1. cardio.png */; };
		929A2F46153D93B4001E0E5F /* 4. Plyometric-5.png in Resources */ = {isa = PBXBuildFile; fileRef = 929A2F42153D93B4001E0E5F /* 4. Plyometric-5.png */; };
		929A2F47153D93B4001E0E5F /* 03.Strength.png in Resources */ = {isa = PBXBuildFile; fileRef = 929A2F43153D93B4001E0E5F /* 03.Strength.png */; };
		929A2F48153D93B4001E0E5F /* 02. Strength.png in Resources */ = {isa = PBXBuildFile; fileRef = 929A2F44153D93B4001E0E5F /* 02. Strength.png */; };
		929E31D41523487C00292E14 /* AddWorkout_VC.m in Sources */ = {isa = PBXBuildFile; fileRef = 929E31D21523487C00292E14 /* AddWorkout_VC.m */; };
		929E31D71523488900292E14 /* AddWorkout_VC.xib in Resources */ = {isa = PBXBuildFile; fileRef = 929E31D61523488900292E14 /* AddWorkout_VC.xib */; };
		929E31E6152353F400292E14 /* Landscape_VC.m in Sources */ = {isa = PBXBuildFile; fileRef = 929E31E4152353F400292E14 /* Landscape_VC.m */; };
		929E31E7152353F400292E14 /* Landscape_VC.xib in Resources */ = {isa = PBXBuildFile; fileRef = 929E31E5152353F400292E14 /* Landscape_VC.xib */; };
		92BB9D8B152300BC00292313 /* Home_VC.xib in Resources */ = {isa = PBXBuildFile; fileRef = 92BB9D8A152300BC00292313 /* Home_VC.xib */; };
		92BB9D91152300EC00292313 /* UserDetail_VC.m in Sources */ = {isa = PBXBuildFile; fileRef = 92BB9D8F152300EC00292313 /* UserDetail_VC.m */; };
		92BB9D961523010800292313 /* DetailHeader.m in Sources */ = {isa = PBXBuildFile; fileRef = 92BB9D951523010800292313 /* DetailHeader.m */; };
		92BB9D9C15230A7B00292313 /* UserDetail_VC.xib in Resources */ = {isa = PBXBuildFile; fileRef = 92BB9D9B15230A7B00292313 /* UserDetail_VC.xib */; };
		92BB9DA415230E4400292313 /* Calendar_VC.m in Sources */ = {isa = PBXBuildFile; fileRef = 92BB9DA315230E4400292313 /* Calendar_VC.m */; };
		92BB9DA615230E5100292313 /* Calendar_VC.xib in Resources */ = {isa = PBXBuildFile; fileRef = 92BB9DA515230E5100292313 /* Calendar_VC.xib */; };
		92BB9DA915230F9700292313 /* calendar.png in Resources */ = {isa = PBXBuildFile; fileRef = 92BB9DA715230F9700292313 /* calendar.png */; };
		92BB9DAA15230F9700292313 /* calendar@2x.png in Resources */ = {isa = PBXBuildFile; fileRef = 92BB9DA815230F9700292313 /* calendar@2x.png */; };
		92BB9DB11523102500292313 /* exercise_fitnes.png in Resources */ = {isa = PBXBuildFile; fileRef = 92BB9DAF1523102500292313 /* exercise_fitnes.png */; };
		92BB9DB21523102500292313 /* exercise_fitnes@2x.png in Resources */ = {isa = PBXBuildFile; fileRef = 92BB9DB01523102500292313 /* exercise_fitnes@2x.png */; };
		92BB9DBA152313EF00292313 /* Workout_VC.m in Sources */ = {isa = PBXBuildFile; fileRef = 92BB9DB9152313EF00292313 /* Workout_VC.m */; };
		92BB9DBC152313FD00292313 /* Workout_VC.xib in Resources */ = {isa = PBXBuildFile; fileRef = 92BB9DBB152313FD00292313 /* Workout_VC.xib */; };
		92BB9DBE1523150800292313 /* ava_3.png in Resources */ = {isa = PBXBuildFile; fileRef = 92BB9DBD1523150800292313 /* ava_3.png */; };
		92BB9DC215231D5A00292313 /* SheduleDetail_VC.m in Sources */ = {isa = PBXBuildFile; fileRef = 92BB9DC115231D5A00292313 /* SheduleDetail_VC.m */; };
		92BB9DC415231DAD00292313 /* SheduleDetail_VC.xib in Resources */ = {isa = PBXBuildFile; fileRef = 92BB9DC315231DAD00292313 /* SheduleDetail_VC.xib */; };
		92BB9DC61523227A00292313 /* arrow.png in Resources */ = {isa = PBXBuildFile; fileRef = 92BB9DC51523227A00292313 /* arrow.png */; };
		92BB9DCB1523232A00292313 /* SheduleDate_VC.m in Sources */ = {isa = PBXBuildFile; fileRef = 92BB9DC91523232A00292313 /* SheduleDate_VC.m */; };
		92BB9DD0152323CA00292313 /* SheduleRepeates_VC.m in Sources */ = {isa = PBXBuildFile; fileRef = 92BB9DCE152323CA00292313 /* SheduleRepeates_VC.m */; };
		92BB9DD4152324A600292313 /* SheduleDate_VC.xib in Resources */ = {isa = PBXBuildFile; fileRef = 92BB9DD2152324A600292313 /* SheduleDate_VC.xib */; };
		92BB9DD5152324A600292313 /* SheduleRepeates_VC.xib in Resources */ = {isa = PBXBuildFile; fileRef = 92BB9DD3152324A600292313 /* SheduleRepeates_VC.xib */; };
		92BB9DEB15232C7900292313 /* Settings_VC.m in Sources */ = {isa = PBXBuildFile; fileRef = 92BB9DE915232C7900292313 /* Settings_VC.m */; };
		92BB9DEC15232C7900292313 /* Settings_VC.xib in Resources */ = {isa = PBXBuildFile; fileRef = 92BB9DEA15232C7900292313 /* Settings_VC.xib */; };
		92BB9DEF15232E4C00292313 /* trainer_ava.png in Resources */ = {isa = PBXBuildFile; fileRef = 92BB9DED15232E4C00292313 /* trainer_ava.png */; };
		92BB9DF015232E4C00292313 /* trainer_ava@2x.png in Resources */ = {isa = PBXBuildFile; fileRef = 92BB9DEE15232E4C00292313 /* trainer_ava@2x.png */; };
		92BB9DF21523341A00292313 /* logout.png in Resources */ = {isa = PBXBuildFile; fileRef = 92BB9DF11523341A00292313 /* logout.png */; };
		92BB9DFC15233DC400292313 /* Add Icon (green).png in Resources */ = {isa = PBXBuildFile; fileRef = 92BB9DFA15233DC300292313 /* Add Icon (green).png */; };
		92BB9DFD15233DC400292313 /* Add Icon (green)@2x.png in Resources */ = {isa = PBXBuildFile; fileRef = 92BB9DFB15233DC300292313 /* Add Icon (green)@2x.png */; };
		92C11DB01524ADE7001D34C1 /* Workouts_VC.m in Sources */ = {isa = PBXBuildFile; fileRef = 92C11DAF1524ADE7001D34C1 /* Workouts_VC.m */; };
		92C11DB31524ADF1001D34C1 /* Workouts_VC.xib in Resources */ = {isa = PBXBuildFile; fileRef = 92C11DB21524ADF1001D34C1 /* Workouts_VC.xib */; };
		92C3EAF3152CB506002E218F /* 31_2.jpg in Resources */ = {isa = PBXBuildFile; fileRef = 92C3EAF2152CB506002E218F /* 31_2.jpg */; };
		92C3EAF6152CB674002E218F /* 1.txt in Resources */ = {isa = PBXBuildFile; fileRef = 92C3EAF5152CB674002E218F /* 1.txt */; };
		92C3EB0A152CBEB1002E218F /* SwipeCell.m in Sources */ = {isa = PBXBuildFile; fileRef = 92C3EB05152CBEB0002E218F /* SwipeCell.m */; };
		92C3EB0B152CBEB1002E218F /* Training_Shedule_VC.m in Sources */ = {isa = PBXBuildFile; fileRef = 92C3EB07152CBEB1002E218F /* Training_Shedule_VC.m */; };
		92C3EB0C152CBEB1002E218F /* TrainingDetail_VC.m in Sources */ = {isa = PBXBuildFile; fileRef = 92C3EB09152CBEB1002E218F /* TrainingDetail_VC.m */; };
		92C3EB11152CBF1E002E218F /* TrainingDetail_VC.xib in Resources */ = {isa = PBXBuildFile; fileRef = 92C3EB0F152CBF1E002E218F /* TrainingDetail_VC.xib */; };
		92C3EB12152CBF1E002E218F /* Training_Shedule_VC.xib in Resources */ = {isa = PBXBuildFile; fileRef = 92C3EB10152CBF1E002E218F /* Training_Shedule_VC.xib */; };
		92D5917A15358EE0000B6E1C /* Fitness-Trainer-Header.jpg in Resources */ = {isa = PBXBuildFile; fileRef = 92D5917915358EE0000B6E1C /* Fitness-Trainer-Header.jpg */; };
		92D59183153592FF000B6E1C /* Log_VC.m in Sources */ = {isa = PBXBuildFile; fileRef = 92D59181153592FD000B6E1C /* Log_VC.m */; };
		92D59184153592FF000B6E1C /* Log_VC.xib in Resources */ = {isa = PBXBuildFile; fileRef = 92D59182153592FE000B6E1C /* Log_VC.xib */; };
		92E17BAE15244FB300048B81 /* icon_2.jpg in Resources */ = {isa = PBXBuildFile; fileRef = 92E17BAD15244FB300048B81 /* icon_2.jpg */; };
		92E17BB41524574400048B81 /* YourGoals_VC.m in Sources */ = {isa = PBXBuildFile; fileRef = 92E17BB21524574400048B81 /* YourGoals_VC.m */; };
		92E17BB51524574400048B81 /* YourGoals_VC.xib in Resources */ = {isa = PBXBuildFile; fileRef = 92E17BB31524574400048B81 /* YourGoals_VC.xib */; };
		92E17BB815245A8900048B81 /* checkbox_1.png in Resources */ = {isa = PBXBuildFile; fileRef = 92E17BB615245A8900048B81 /* checkbox_1.png */; };
		92E17BB915245A8900048B81 /* checkbox_0.png in Resources */ = {isa = PBXBuildFile; fileRef = 92E17BB715245A8900048B81 /* checkbox_0.png */; };
		92E17BBC15245B3800048B81 /* checkbox_0@2x.png in Resources */ = {isa = PBXBuildFile; fileRef = 92E17BBA15245B3800048B81 /* checkbox_0@2x.png */; };
		92E17BBD15245B3800048B81 /* checkbox_1@2x.png in Resources */ = {isa = PBXBuildFile; fileRef = 92E17BBB15245B3800048B81 /* checkbox_1@2x.png */; };
		92E17BC215246AC400048B81 /* Plan_VC.m in Sources */ = {isa = PBXBuildFile; fileRef = 92E17BC015246AC400048B81 /* Plan_VC.m */; };
		92E17BC315246AC400048B81 /* Plan_VC.xib in Resources */ = {isa = PBXBuildFile; fileRef = 92E17BC115246AC400048B81 /* Plan_VC.xib */; };
		92E17BFE1524977600048B81 /* Training_VC.m in Sources */ = {isa = PBXBuildFile; fileRef = 92E17BFC1524977600048B81 /* Training_VC.m */; };
		92E17BFF1524977600048B81 /* Training_VC.xib in Resources */ = {isa = PBXBuildFile; fileRef = 92E17BFD1524977600048B81 /* Training_VC.xib */; };
/* End PBXBuildFile section */

/* Begin PBXFileReference section */
		923C86AB15220A4F000F0931 /* Trainer.app */ = {isa = PBXFileReference; explicitFileType = wrapper.application; includeInIndex = 0; path = Trainer.app; sourceTree = BUILT_PRODUCTS_DIR; };
		923C86AF15220A4F000F0931 /* UIKit.framework */ = {isa = PBXFileReference; lastKnownFileType = wrapper.framework; name = UIKit.framework; path = System/Library/Frameworks/UIKit.framework; sourceTree = SDKROOT; };
		923C86B115220A4F000F0931 /* Foundation.framework */ = {isa = PBXFileReference; lastKnownFileType = wrapper.framework; name = Foundation.framework; path = System/Library/Frameworks/Foundation.framework; sourceTree = SDKROOT; };
		923C86B315220A4F000F0931 /* CoreGraphics.framework */ = {isa = PBXFileReference; lastKnownFileType = wrapper.framework; name = CoreGraphics.framework; path = System/Library/Frameworks/CoreGraphics.framework; sourceTree = SDKROOT; };
		923C86B715220A4F000F0931 /* Trainer-Info.plist */ = {isa = PBXFileReference; lastKnownFileType = text.plist.xml; path = "Trainer-Info.plist"; sourceTree = "<group>"; };
		923C86BB15220A4F000F0931 /* main.m */ = {isa = PBXFileReference; lastKnownFileType = sourcecode.c.objc; path = main.m; sourceTree = "<group>"; };
		923C86BD15220A4F000F0931 /* Trainer-Prefix.pch */ = {isa = PBXFileReference; lastKnownFileType = sourcecode.c.h; path = "Trainer-Prefix.pch"; sourceTree = "<group>"; };
		923C86D515220AD7000F0931 /* TrainerAppDelegate.h */ = {isa = PBXFileReference; fileEncoding = 4; lastKnownFileType = sourcecode.c.h; path = TrainerAppDelegate.h; sourceTree = "<group>"; };
		923C86D615220AD7000F0931 /* TrainerAppDelegate.m */ = {isa = PBXFileReference; fileEncoding = 4; lastKnownFileType = sourcecode.c.objc; path = TrainerAppDelegate.m; sourceTree = "<group>"; };
		923C86DC15220B1C000F0931 /* Home_VC.h */ = {isa = PBXFileReference; fileEncoding = 4; lastKnownFileType = sourcecode.c.h; path = Home_VC.h; sourceTree = "<group>"; };
		923C86DD15220B1C000F0931 /* Home_VC.m */ = {isa = PBXFileReference; fileEncoding = 4; lastKnownFileType = sourcecode.c.objc; path = Home_VC.m; sourceTree = "<group>"; };
		923C86E115220DA5000F0931 /* ava_1.png */ = {isa = PBXFileReference; lastKnownFileType = image.png; path = ava_1.png; sourceTree = "<group>"; };
		923C86E215220DA5000F0931 /* ava_2.png */ = {isa = PBXFileReference; lastKnownFileType = image.png; path = ava_2.png; sourceTree = "<group>"; };
		923C86E315220DA5000F0931 /* ava_2@2x.png */ = {isa = PBXFileReference; lastKnownFileType = image.png; path = "ava_2@2x.png"; sourceTree = "<group>"; };
		923C86E415220DA5000F0931 /* ava_1@2x.png */ = {isa = PBXFileReference; lastKnownFileType = image.png; path = "ava_1@2x.png"; sourceTree = "<group>"; };
		928CCD98152D9196003C88C1 /* Gym Back.png */ = {isa = PBXFileReference; lastKnownFileType = image.png; path = "Gym Back.png"; sourceTree = "<group>"; };
		928CCD99152D9196003C88C1 /* Gym Back@2x.png */ = {isa = PBXFileReference; lastKnownFileType = image.png; path = "Gym Back@2x.png"; sourceTree = "<group>"; };
		928CCD9A152D9196003C88C1 /* fitness ava_2.png */ = {isa = PBXFileReference; lastKnownFileType = image.png; path = "fitness ava_2.png"; sourceTree = "<group>"; };
		928CCD9B152D9196003C88C1 /* fitness ava_2@2x.png */ = {isa = PBXFileReference; lastKnownFileType = image.png; path = "fitness ava_2@2x.png"; sourceTree = "<group>"; };
		928CCDA1152D9264003C88C1 /* Gym Lower Body.png */ = {isa = PBXFileReference; lastKnownFileType = image.png; path = "Gym Lower Body.png"; sourceTree = "<group>"; };
		928CCDA2152D9264003C88C1 /* Gym Lower Body@2x.png */ = {isa = PBXFileReference; lastKnownFileType = image.png; path = "Gym Lower Body@2x.png"; sourceTree = "<group>"; };
		928CCDA5152D92DC003C88C1 /* Gym Chest.png */ = {isa = PBXFileReference; lastKnownFileType = image.png; path = "Gym Chest.png"; sourceTree = "<group>"; };
		928CCDA6152D92DC003C88C1 /* Gym Chest@2x.png */ = {isa = PBXFileReference; lastKnownFileType = image.png; path = "Gym Chest@2x.png"; sourceTree = "<group>"; };
		928CCDD3152DBE00003C88C1 /* running.png */ = {isa = PBXFileReference; lastKnownFileType = image.png; path = running.png; sourceTree = "<group>"; };
		928CCDD4152DBE00003C88C1 /* running@2x.png */ = {isa = PBXFileReference; lastKnownFileType = image.png; path = "running@2x.png"; sourceTree = "<group>"; };
		928CCDD8152DBE62003C88C1 /* basketball.png */ = {isa = PBXFileReference; lastKnownFileType = image.png; path = basketball.png; sourceTree = "<group>"; };
		928CCDD9152DBE63003C88C1 /* basketball@2x.png */ = {isa = PBXFileReference; lastKnownFileType = image.png; path = "basketball@2x.png"; sourceTree = "<group>"; };
		928CCDDC152DBEB0003C88C1 /* tennis.png */ = {isa = PBXFileReference; lastKnownFileType = image.png; path = tennis.png; sourceTree = "<group>"; };
		928CCDDD152DBEB0003C88C1 /* tennis@2x.png */ = {isa = PBXFileReference; lastKnownFileType = image.png; path = "tennis@2x.png"; sourceTree = "<group>"; };
		928CCE09152DE1B5003C88C1 /* Lying Leg Curls.png */ = {isa = PBXFileReference; lastKnownFileType = image.png; path = "Lying Leg Curls.png"; sourceTree = "<group>"; };
		928CCE0A152DE1B5003C88C1 /* Lying Leg Curls@2x.png */ = {isa = PBXFileReference; lastKnownFileType = image.png; path = "Lying Leg Curls@2x.png"; sourceTree = "<group>"; };
		928CCE0B152DE1B5003C88C1 /* One-Legged Cable Kickback.png */ = {isa = PBXFileReference; lastKnownFileType = image.png; path = "One-Legged Cable Kickback.png"; sourceTree = "<group>"; };
		928CCE0C152DE1B5003C88C1 /* One-Legged Cable Kickback@2x.png */ = {isa = PBXFileReference; lastKnownFileType = image.png; path = "One-Legged Cable Kickback@2x.png"; sourceTree = "<group>"; };
		928CCE0D152DE1B5003C88C1 /* Hurdle Hops.png */ = {isa = PBXFileReference; lastKnownFileType = image.png; path = "Hurdle Hops.png"; sourceTree = "<group>"; };
		928CCE0E152DE1B5003C88C1 /* Hurdle Hops@2x.png */ = {isa = PBXFileReference; lastKnownFileType = image.png; path = "Hurdle Hops@2x.png"; sourceTree = "<group>"; };
		928CCE16152DE21D003C88C1 /* Leg Press.png */ = {isa = PBXFileReference; lastKnownFileType = image.png; path = "Leg Press.png"; sourceTree = "<group>"; };
		928CCE17152DE21D003C88C1 /* Leg Press@2x.png */ = {isa = PBXFileReference; lastKnownFileType = image.png; path = "Leg Press@2x.png"; sourceTree = "<group>"; };
		928CCE1A152DE337003C88C1 /* One Arm Kettebell Clean.png */ = {isa = PBXFileReference; lastKnownFileType = image.png; path = "One Arm Kettebell Clean.png"; sourceTree = "<group>"; };
		928CCE1B152DE337003C88C1 /* One Arm Kettebell Clean@2x.png */ = {isa = PBXFileReference; lastKnownFileType = image.png; path = "One Arm Kettebell Clean@2x.png"; sourceTree = "<group>"; };
		928CCE1C152DE337003C88C1 /* Barbell Squat.png */ = {isa = PBXFileReference; lastKnownFileType = image.png; path = "Barbell Squat.png"; sourceTree = "<group>"; };
		928CCE1D152DE337003C88C1 /* Barbell Squat@2x.png */ = {isa = PBXFileReference; lastKnownFileType = image.png; path = "Barbell Squat@2x.png"; sourceTree = "<group>"; };
		928CCE47152DE4B6003C88C1 /* Frog Hops.png */ = {isa = PBXFileReference; lastKnownFileType = image.png; path = "Frog Hops.png"; sourceTree = "<group>"; };
		928CCE48152DE4B6003C88C1 /* Frog Hops@2x.png */ = {isa = PBXFileReference; lastKnownFileType = image.png; path = "Frog Hops@2x.png"; sourceTree = "<group>"; };
		928CCE49152DE4B6003C88C1 /* Deadlift.png */ = {isa = PBXFileReference; lastKnownFileType = image.png; path = Deadlift.png; sourceTree = "<group>"; };
		928CCE4A152DE4B7003C88C1 /* Deadlift@2x.png */ = {isa = PBXFileReference; lastKnownFileType = image.png; path = "Deadlift@2x.png"; sourceTree = "<group>"; };
		929A2F41153D93B4001E0E5F /* 1. cardio.png */ = {isa = PBXFileReference; lastKnownFileType = image.png; path = "1. cardio.png"; sourceTree = "<group>"; };
		929A2F42153D93B4001E0E5F /* 4. Plyometric-5.png */ = {isa = PBXFileReference; lastKnownFileType = image.png; path = "4. Plyometric-5.png"; sourceTree = "<group>"; };
		929A2F43153D93B4001E0E5F /* 03.Strength.png */ = {isa = PBXFileReference; lastKnownFileType = image.png; path = 03.Strength.png; sourceTree = "<group>"; };
		929A2F44153D93B4001E0E5F /* 02. Strength.png */ = {isa = PBXFileReference; lastKnownFileType = image.png; path = "02. Strength.png"; sourceTree = "<group>"; };
		929E31D11523487C00292E14 /* AddWorkout_VC.h */ = {isa = PBXFileReference; fileEncoding = 4; lastKnownFileType = sourcecode.c.h; path = AddWorkout_VC.h; sourceTree = "<group>"; };
		929E31D21523487C00292E14 /* AddWorkout_VC.m */ = {isa = PBXFileReference; fileEncoding = 4; lastKnownFileType = sourcecode.c.objc; path = AddWorkout_VC.m; sourceTree = "<group>"; };
		929E31D61523488900292E14 /* AddWorkout_VC.xib */ = {isa = PBXFileReference; fileEncoding = 4; lastKnownFileType = file.xib; path = AddWorkout_VC.xib; sourceTree = "<group>"; };
		929E31E3152353F400292E14 /* Landscape_VC.h */ = {isa = PBXFileReference; fileEncoding = 4; lastKnownFileType = sourcecode.c.h; path = Landscape_VC.h; sourceTree = "<group>"; };
		929E31E4152353F400292E14 /* Landscape_VC.m */ = {isa = PBXFileReference; fileEncoding = 4; lastKnownFileType = sourcecode.c.objc; path = Landscape_VC.m; sourceTree = "<group>"; };
		929E31E5152353F400292E14 /* Landscape_VC.xib */ = {isa = PBXFileReference; fileEncoding = 4; lastKnownFileType = file.xib; path = Landscape_VC.xib; sourceTree = "<group>"; };
		92BB9D8A152300BC00292313 /* Home_VC.xib */ = {isa = PBXFileReference; fileEncoding = 4; lastKnownFileType = file.xib; path = Home_VC.xib; sourceTree = "<group>"; };
		92BB9D8E152300EC00292313 /* UserDetail_VC.h */ = {isa = PBXFileReference; fileEncoding = 4; lastKnownFileType = sourcecode.c.h; path = UserDetail_VC.h; sourceTree = "<group>"; };
		92BB9D8F152300EC00292313 /* UserDetail_VC.m */ = {isa = PBXFileReference; fileEncoding = 4; lastKnownFileType = sourcecode.c.objc; path = UserDetail_VC.m; sourceTree = "<group>"; };
		92BB9D941523010800292313 /* DetailHeader.h */ = {isa = PBXFileReference; fileEncoding = 4; lastKnownFileType = sourcecode.c.h; path = DetailHeader.h; sourceTree = "<group>"; };
		92BB9D951523010800292313 /* DetailHeader.m */ = {isa = PBXFileReference; fileEncoding = 4; lastKnownFileType = sourcecode.c.objc; path = DetailHeader.m; sourceTree = "<group>"; };
		92BB9D9B15230A7B00292313 /* UserDetail_VC.xib */ = {isa = PBXFileReference; fileEncoding = 4; lastKnownFileType = file.xib; path = UserDetail_VC.xib; sourceTree = "<group>"; };
		92BB9DA215230E4400292313 /* Calendar_VC.h */ = {isa = PBXFileReference; fileEncoding = 4; lastKnownFileType = sourcecode.c.h; path = Calendar_VC.h; sourceTree = "<group>"; };
		92BB9DA315230E4400292313 /* Calendar_VC.m */ = {isa = PBXFileReference; fileEncoding = 4; lastKnownFileType = sourcecode.c.objc; path = Calendar_VC.m; sourceTree = "<group>"; };
		92BB9DA515230E5100292313 /* Calendar_VC.xib */ = {isa = PBXFileReference; fileEncoding = 4; lastKnownFileType = file.xib; path = Calendar_VC.xib; sourceTree = "<group>"; };
		92BB9DA715230F9700292313 /* calendar.png */ = {isa = PBXFileReference; lastKnownFileType = image.png; path = calendar.png; sourceTree = "<group>"; };
		92BB9DA815230F9700292313 /* calendar@2x.png */ = {isa = PBXFileReference; lastKnownFileType = image.png; path = "calendar@2x.png"; sourceTree = "<group>"; };
		92BB9DAF1523102500292313 /* exercise_fitnes.png */ = {isa = PBXFileReference; lastKnownFileType = image.png; path = exercise_fitnes.png; sourceTree = "<group>"; };
		92BB9DB01523102500292313 /* exercise_fitnes@2x.png */ = {isa = PBXFileReference; lastKnownFileType = image.png; path = "exercise_fitnes@2x.png"; sourceTree = "<group>"; };
		92BB9DB8152313EF00292313 /* Workout_VC.h */ = {isa = PBXFileReference; fileEncoding = 4; lastKnownFileType = sourcecode.c.h; path = Workout_VC.h; sourceTree = "<group>"; };
		92BB9DB9152313EF00292313 /* Workout_VC.m */ = {isa = PBXFileReference; fileEncoding = 4; lastKnownFileType = sourcecode.c.objc; path = Workout_VC.m; sourceTree = "<group>"; };
		92BB9DBB152313FD00292313 /* Workout_VC.xib */ = {isa = PBXFileReference; fileEncoding = 4; lastKnownFileType = file.xib; path = Workout_VC.xib; sourceTree = "<group>"; };
		92BB9DBD1523150800292313 /* ava_3.png */ = {isa = PBXFileReference; lastKnownFileType = image.png; path = ava_3.png; sourceTree = "<group>"; };
		92BB9DC015231D5A00292313 /* SheduleDetail_VC.h */ = {isa = PBXFileReference; fileEncoding = 4; lastKnownFileType = sourcecode.c.h; path = SheduleDetail_VC.h; sourceTree = "<group>"; };
		92BB9DC115231D5A00292313 /* SheduleDetail_VC.m */ = {isa = PBXFileReference; fileEncoding = 4; lastKnownFileType = sourcecode.c.objc; path = SheduleDetail_VC.m; sourceTree = "<group>"; };
		92BB9DC315231DAD00292313 /* SheduleDetail_VC.xib */ = {isa = PBXFileReference; fileEncoding = 4; lastKnownFileType = file.xib; path = SheduleDetail_VC.xib; sourceTree = "<group>"; };
		92BB9DC51523227A00292313 /* arrow.png */ = {isa = PBXFileReference; lastKnownFileType = image.png; path = arrow.png; sourceTree = "<group>"; };
		92BB9DC81523232A00292313 /* SheduleDate_VC.h */ = {isa = PBXFileReference; fileEncoding = 4; lastKnownFileType = sourcecode.c.h; path = SheduleDate_VC.h; sourceTree = "<group>"; };
		92BB9DC91523232A00292313 /* SheduleDate_VC.m */ = {isa = PBXFileReference; fileEncoding = 4; lastKnownFileType = sourcecode.c.objc; path = SheduleDate_VC.m; sourceTree = "<group>"; };
		92BB9DCD152323C900292313 /* SheduleRepeates_VC.h */ = {isa = PBXFileReference; fileEncoding = 4; lastKnownFileType = sourcecode.c.h; path = SheduleRepeates_VC.h; sourceTree = "<group>"; };
		92BB9DCE152323CA00292313 /* SheduleRepeates_VC.m */ = {isa = PBXFileReference; fileEncoding = 4; lastKnownFileType = sourcecode.c.objc; path = SheduleRepeates_VC.m; sourceTree = "<group>"; };
		92BB9DD2152324A600292313 /* SheduleDate_VC.xib */ = {isa = PBXFileReference; fileEncoding = 4; lastKnownFileType = file.xib; path = SheduleDate_VC.xib; sourceTree = "<group>"; };
		92BB9DD3152324A600292313 /* SheduleRepeates_VC.xib */ = {isa = PBXFileReference; fileEncoding = 4; lastKnownFileType = file.xib; path = SheduleRepeates_VC.xib; sourceTree = "<group>"; };
		92BB9DE815232C7900292313 /* Settings_VC.h */ = {isa = PBXFileReference; fileEncoding = 4; lastKnownFileType = sourcecode.c.h; path = Settings_VC.h; sourceTree = "<group>"; };
		92BB9DE915232C7900292313 /* Settings_VC.m */ = {isa = PBXFileReference; fileEncoding = 4; lastKnownFileType = sourcecode.c.objc; path = Settings_VC.m; sourceTree = "<group>"; };
		92BB9DEA15232C7900292313 /* Settings_VC.xib */ = {isa = PBXFileReference; fileEncoding = 4; lastKnownFileType = file.xib; path = Settings_VC.xib; sourceTree = "<group>"; };
		92BB9DED15232E4C00292313 /* trainer_ava.png */ = {isa = PBXFileReference; lastKnownFileType = image.png; path = trainer_ava.png; sourceTree = "<group>"; };
		92BB9DEE15232E4C00292313 /* trainer_ava@2x.png */ = {isa = PBXFileReference; lastKnownFileType = image.png; path = "trainer_ava@2x.png"; sourceTree = "<group>"; };
		92BB9DF11523341A00292313 /* logout.png */ = {isa = PBXFileReference; lastKnownFileType = image.png; path = logout.png; sourceTree = "<group>"; };
		92BB9DFA15233DC300292313 /* Add Icon (green).png */ = {isa = PBXFileReference; lastKnownFileType = image.png; path = "Add Icon (green).png"; sourceTree = "<group>"; };
		92BB9DFB15233DC300292313 /* Add Icon (green)@2x.png */ = {isa = PBXFileReference; lastKnownFileType = image.png; path = "Add Icon (green)@2x.png"; sourceTree = "<group>"; };
		92C11DAE1524ADE7001D34C1 /* Workouts_VC.h */ = {isa = PBXFileReference; fileEncoding = 4; lastKnownFileType = sourcecode.c.h; path = Workouts_VC.h; sourceTree = "<group>"; };
		92C11DAF1524ADE7001D34C1 /* Workouts_VC.m */ = {isa = PBXFileReference; fileEncoding = 4; lastKnownFileType = sourcecode.c.objc; path = Workouts_VC.m; sourceTree = "<group>"; };
		92C11DB21524ADF1001D34C1 /* Workouts_VC.xib */ = {isa = PBXFileReference; fileEncoding = 4; lastKnownFileType = file.xib; path = Workouts_VC.xib; sourceTree = "<group>"; };
		92C3EAF2152CB506002E218F /* 31_2.jpg */ = {isa = PBXFileReference; lastKnownFileType = image.jpeg; path = 31_2.jpg; sourceTree = "<group>"; };
		92C3EAF5152CB674002E218F /* 1.txt */ = {isa = PBXFileReference; fileEncoding = 4; lastKnownFileType = text; path = 1.txt; sourceTree = "<group>"; };
		92C3EB04152CBEB0002E218F /* SwipeCell.h */ = {isa = PBXFileReference; fileEncoding = 4; lastKnownFileType = sourcecode.c.h; path = SwipeCell.h; sourceTree = "<group>"; };
		92C3EB05152CBEB0002E218F /* SwipeCell.m */ = {isa = PBXFileReference; fileEncoding = 4; lastKnownFileType = sourcecode.c.objc; path = SwipeCell.m; sourceTree = "<group>"; };
		92C3EB06152CBEB1002E218F /* Training_Shedule_VC.h */ = {isa = PBXFileReference; fileEncoding = 4; lastKnownFileType = sourcecode.c.h; path = Training_Shedule_VC.h; sourceTree = "<group>"; };
		92C3EB07152CBEB1002E218F /* Training_Shedule_VC.m */ = {isa = PBXFileReference; fileEncoding = 4; lastKnownFileType = sourcecode.c.objc; path = Training_Shedule_VC.m; sourceTree = "<group>"; };
		92C3EB08152CBEB1002E218F /* TrainingDetail_VC.h */ = {isa = PBXFileReference; fileEncoding = 4; lastKnownFileType = sourcecode.c.h; path = TrainingDetail_VC.h; sourceTree = "<group>"; };
		92C3EB09152CBEB1002E218F /* TrainingDetail_VC.m */ = {isa = PBXFileReference; fileEncoding = 4; lastKnownFileType = sourcecode.c.objc; path = TrainingDetail_VC.m; sourceTree = "<group>"; };
		92C3EB0F152CBF1E002E218F /* TrainingDetail_VC.xib */ = {isa = PBXFileReference; fileEncoding = 4; lastKnownFileType = file.xib; path = TrainingDetail_VC.xib; sourceTree = "<group>"; };
		92C3EB10152CBF1E002E218F /* Training_Shedule_VC.xib */ = {isa = PBXFileReference; fileEncoding = 4; lastKnownFileType = file.xib; path = Training_Shedule_VC.xib; sourceTree = "<group>"; };
		92D5917915358EE0000B6E1C /* Fitness-Trainer-Header.jpg */ = {isa = PBXFileReference; lastKnownFileType = image.jpeg; path = "Fitness-Trainer-Header.jpg"; sourceTree = "<group>"; };
		92D59180153592FD000B6E1C /* Log_VC.h */ = {isa = PBXFileReference; fileEncoding = 4; lastKnownFileType = sourcecode.c.h; path = Log_VC.h; sourceTree = "<group>"; };
		92D59181153592FD000B6E1C /* Log_VC.m */ = {isa = PBXFileReference; fileEncoding = 4; lastKnownFileType = sourcecode.c.objc; path = Log_VC.m; sourceTree = "<group>"; };
		92D59182153592FE000B6E1C /* Log_VC.xib */ = {isa = PBXFileReference; fileEncoding = 4; lastKnownFileType = file.xib; path = Log_VC.xib; sourceTree = "<group>"; };
		92E17BAD15244FB300048B81 /* icon_2.jpg */ = {isa = PBXFileReference; lastKnownFileType = image.jpeg; path = icon_2.jpg; sourceTree = "<group>"; };
		92E17BB11524574400048B81 /* YourGoals_VC.h */ = {isa = PBXFileReference; fileEncoding = 4; lastKnownFileType = sourcecode.c.h; path = YourGoals_VC.h; sourceTree = "<group>"; };
		92E17BB21524574400048B81 /* YourGoals_VC.m */ = {isa = PBXFileReference; fileEncoding = 4; lastKnownFileType = sourcecode.c.objc; path = YourGoals_VC.m; sourceTree = "<group>"; };
		92E17BB31524574400048B81 /* YourGoals_VC.xib */ = {isa = PBXFileReference; fileEncoding = 4; lastKnownFileType = file.xib; path = YourGoals_VC.xib; sourceTree = "<group>"; };
		92E17BB615245A8900048B81 /* checkbox_1.png */ = {isa = PBXFileReference; lastKnownFileType = image.png; path = checkbox_1.png; sourceTree = "<group>"; };
		92E17BB715245A8900048B81 /* checkbox_0.png */ = {isa = PBXFileReference; lastKnownFileType = image.png; path = checkbox_0.png; sourceTree = "<group>"; };
		92E17BBA15245B3800048B81 /* checkbox_0@2x.png */ = {isa = PBXFileReference; lastKnownFileType = image.png; path = "checkbox_0@2x.png"; sourceTree = "<group>"; };
		92E17BBB15245B3800048B81 /* checkbox_1@2x.png */ = {isa = PBXFileReference; lastKnownFileType = image.png; path = "checkbox_1@2x.png"; sourceTree = "<group>"; };
		92E17BBF15246AC400048B81 /* Plan_VC.h */ = {isa = PBXFileReference; fileEncoding = 4; lastKnownFileType = sourcecode.c.h; path = Plan_VC.h; sourceTree = "<group>"; };
		92E17BC015246AC400048B81 /* Plan_VC.m */ = {isa = PBXFileReference; fileEncoding = 4; lastKnownFileType = sourcecode.c.objc; path = Plan_VC.m; sourceTree = "<group>"; };
		92E17BC115246AC400048B81 /* Plan_VC.xib */ = {isa = PBXFileReference; fileEncoding = 4; lastKnownFileType = file.xib; path = Plan_VC.xib; sourceTree = "<group>"; };
		92E17BFB1524977600048B81 /* Training_VC.h */ = {isa = PBXFileReference; fileEncoding = 4; lastKnownFileType = sourcecode.c.h; path = Training_VC.h; sourceTree = "<group>"; };
		92E17BFC1524977600048B81 /* Training_VC.m */ = {isa = PBXFileReference; fileEncoding = 4; lastKnownFileType = sourcecode.c.objc; path = Training_VC.m; sourceTree = "<group>"; };
		92E17BFD1524977600048B81 /* Training_VC.xib */ = {isa = PBXFileReference; fileEncoding = 4; lastKnownFileType = file.xib; path = Training_VC.xib; sourceTree = "<group>"; };
/* End PBXFileReference section */

/* Begin PBXFrameworksBuildPhase section */
		923C86A815220A4F000F0931 /* Frameworks */ = {
			isa = PBXFrameworksBuildPhase;
			buildActionMask = 2147483647;
			files = (
				923C86B015220A4F000F0931 /* UIKit.framework in Frameworks */,
				923C86B215220A4F000F0931 /* Foundation.framework in Frameworks */,
				923C86B415220A4F000F0931 /* CoreGraphics.framework in Frameworks */,
			);
			runOnlyForDeploymentPostprocessing = 0;
		};
/* End PBXFrameworksBuildPhase section */

/* Begin PBXGroup section */
		923C86A015220A4F000F0931 = {
			isa = PBXGroup;
			children = (
				923C86B515220A4F000F0931 /* Trainer */,
				923C86B615220A4F000F0931 /* Supporting Files */,
				923C86CC15220AB3000F0931 /* Resources */,
				923C86AE15220A4F000F0931 /* Frameworks */,
				923C86AC15220A4F000F0931 /* Products */,
			);
			sourceTree = "<group>";
		};
		923C86AC15220A4F000F0931 /* Products */ = {
			isa = PBXGroup;
			children = (
				923C86AB15220A4F000F0931 /* Trainer.app */,
			);
			name = Products;
			sourceTree = "<group>";
		};
		923C86AE15220A4F000F0931 /* Frameworks */ = {
			isa = PBXGroup;
			children = (
				923C86AF15220A4F000F0931 /* UIKit.framework */,
				923C86B115220A4F000F0931 /* Foundation.framework */,
				923C86B315220A4F000F0931 /* CoreGraphics.framework */,
			);
			name = Frameworks;
			sourceTree = "<group>";
		};
		923C86B515220A4F000F0931 /* Trainer */ = {
			isa = PBXGroup;
			children = (
				923C86CF15220ABB000F0931 /* Classes */,
			);
			path = Trainer;
			sourceTree = "<group>";
		};
		923C86B615220A4F000F0931 /* Supporting Files */ = {
			isa = PBXGroup;
			children = (
				923C86B715220A4F000F0931 /* Trainer-Info.plist */,
				923C86BB15220A4F000F0931 /* main.m */,
				923C86BD15220A4F000F0931 /* Trainer-Prefix.pch */,
			);
			name = "Supporting Files";
			path = Trainer;
			sourceTree = "<group>";
		};
		923C86CC15220AB3000F0931 /* Resources */ = {
			isa = PBXGroup;
			children = (
				92C3EAF5152CB674002E218F /* 1.txt */,
				923C86CD15220AB3000F0931 /* Images */,
				923C86CE15220AB3000F0931 /* Nibs */,
			);
			name = Resources;
			path = Trainer/Resources;
			sourceTree = "<group>";
		};
		923C86CD15220AB3000F0931 /* Images */ = {
			isa = PBXGroup;
			children = (
				929A2F41153D93B4001E0E5F /* 1. cardio.png */,
				929A2F42153D93B4001E0E5F /* 4. Plyometric-5.png */,
				929A2F43153D93B4001E0E5F /* 03.Strength.png */,
				929A2F44153D93B4001E0E5F /* 02. Strength.png */,
				92D5917915358EE0000B6E1C /* Fitness-Trainer-Header.jpg */,
				928CCE47152DE4B6003C88C1 /* Frog Hops.png */,
				928CCE48152DE4B6003C88C1 /* Frog Hops@2x.png */,
				928CCE49152DE4B6003C88C1 /* Deadlift.png */,
				928CCE4A152DE4B7003C88C1 /* Deadlift@2x.png */,
				928CCE1A152DE337003C88C1 /* One Arm Kettebell Clean.png */,
				928CCE1B152DE337003C88C1 /* One Arm Kettebell Clean@2x.png */,
				928CCE1C152DE337003C88C1 /* Barbell Squat.png */,
				928CCE1D152DE337003C88C1 /* Barbell Squat@2x.png */,
				928CCE16152DE21D003C88C1 /* Leg Press.png */,
				928CCE17152DE21D003C88C1 /* Leg Press@2x.png */,
				928CCE09152DE1B5003C88C1 /* Lying Leg Curls.png */,
				928CCE0A152DE1B5003C88C1 /* Lying Leg Curls@2x.png */,
				928CCE0B152DE1B5003C88C1 /* One-Legged Cable Kickback.png */,
				928CCE0C152DE1B5003C88C1 /* One-Legged Cable Kickback@2x.png */,
				928CCE0D152DE1B5003C88C1 /* Hurdle Hops.png */,
				928CCE0E152DE1B5003C88C1 /* Hurdle Hops@2x.png */,
				928CCDDC152DBEB0003C88C1 /* tennis.png */,
				928CCDDD152DBEB0003C88C1 /* tennis@2x.png */,
				928CCDD8152DBE62003C88C1 /* basketball.png */,
				928CCDD9152DBE63003C88C1 /* basketball@2x.png */,
				928CCDD3152DBE00003C88C1 /* running.png */,
				928CCDD4152DBE00003C88C1 /* running@2x.png */,
				928CCDA5152D92DC003C88C1 /* Gym Chest.png */,
				928CCDA6152D92DC003C88C1 /* Gym Chest@2x.png */,
				928CCDA1152D9264003C88C1 /* Gym Lower Body.png */,
				928CCDA2152D9264003C88C1 /* Gym Lower Body@2x.png */,
				928CCD98152D9196003C88C1 /* Gym Back.png */,
				928CCD99152D9196003C88C1 /* Gym Back@2x.png */,
				928CCD9A152D9196003C88C1 /* fitness ava_2.png */,
				928CCD9B152D9196003C88C1 /* fitness ava_2@2x.png */,
				92C3EAF2152CB506002E218F /* 31_2.jpg */,
				92E17BBA15245B3800048B81 /* checkbox_0@2x.png */,
				92E17BBB15245B3800048B81 /* checkbox_1@2x.png */,
				92E17BB615245A8900048B81 /* checkbox_1.png */,
				92E17BB715245A8900048B81 /* checkbox_0.png */,
				92E17BAD15244FB300048B81 /* icon_2.jpg */,
				92BB9DFA15233DC300292313 /* Add Icon (green).png */,
				92BB9DFB15233DC300292313 /* Add Icon (green)@2x.png */,
				92BB9DF11523341A00292313 /* logout.png */,
				92BB9DED15232E4C00292313 /* trainer_ava.png */,
				92BB9DEE15232E4C00292313 /* trainer_ava@2x.png */,
				92BB9DC51523227A00292313 /* arrow.png */,
				92BB9DBD1523150800292313 /* ava_3.png */,
				92BB9DAF1523102500292313 /* exercise_fitnes.png */,
				92BB9DB01523102500292313 /* exercise_fitnes@2x.png */,
				92BB9DA715230F9700292313 /* calendar.png */,
				92BB9DA815230F9700292313 /* calendar@2x.png */,
				923C86E115220DA5000F0931 /* ava_1.png */,
				923C86E215220DA5000F0931 /* ava_2.png */,
				923C86E315220DA5000F0931 /* ava_2@2x.png */,
				923C86E415220DA5000F0931 /* ava_1@2x.png */,
			);
			path = Images;
			sourceTree = "<group>";
		};
		923C86CE15220AB3000F0931 /* Nibs */ = {
			isa = PBXGroup;
			children = (
				92C11DB21524ADF1001D34C1 /* Workouts_VC.xib */,
				929E31D61523488900292E14 /* AddWorkout_VC.xib */,
				92BB9DD2152324A600292313 /* SheduleDate_VC.xib */,
				92BB9DD3152324A600292313 /* SheduleRepeates_VC.xib */,
				92BB9D9B15230A7B00292313 /* UserDetail_VC.xib */,
				92BB9DA515230E5100292313 /* Calendar_VC.xib */,
				92BB9D8A152300BC00292313 /* Home_VC.xib */,
				92BB9DBB152313FD00292313 /* Workout_VC.xib */,
				92BB9DC315231DAD00292313 /* SheduleDetail_VC.xib */,
			);
			path = Nibs;
			sourceTree = "<group>";
		};
		923C86CF15220ABB000F0931 /* Classes */ = {
			isa = PBXGroup;
			children = (
				929E31E2152353E100292E14 /* Landscape_VC */,
				923C86D015220ABB000F0931 /* AppDelegate */,
				923C86D415220ACF000F0931 /* Home_VC */,
				92BB9D8D152300E000292313 /* UserDetail_VC */,
				92BB9DA115230E3800292313 /* Calendar_VC */,
				92BB9DB7152313E100292313 /* Workout_VC */,
				92BB9DBF15231D4C00292313 /* SheduleDetail_VC */,
				92BB9DE115232BA100292313 /* Settings_VC */,
				92E17BB01524573300048B81 /* YourGoals_VC */,
				92E17BBE15246AB000048B81 /* Plan_VC */,
			);
			path = Classes;
			sourceTree = "<group>";
		};
		923C86D015220ABB000F0931 /* AppDelegate */ = {
			isa = PBXGroup;
			children = (
				923C86D515220AD7000F0931 /* TrainerAppDelegate.h */,
				923C86D615220AD7000F0931 /* TrainerAppDelegate.m */,
			);
			path = AppDelegate;
			sourceTree = "<group>";
		};
		923C86D415220ACF000F0931 /* Home_VC */ = {
			isa = PBXGroup;
			children = (
				923C86DC15220B1C000F0931 /* Home_VC.h */,
				923C86DD15220B1C000F0931 /* Home_VC.m */,
			);
			path = Home_VC;
			sourceTree = "<group>";
		};
		929E31CF1523486300292E14 /* AddWorkout */ = {
			isa = PBXGroup;
			children = (
				929E31D11523487C00292E14 /* AddWorkout_VC.h */,
				929E31D21523487C00292E14 /* AddWorkout_VC.m */,
			);
			name = AddWorkout;
			sourceTree = "<group>";
		};
		929E31E2152353E100292E14 /* Landscape_VC */ = {
			isa = PBXGroup;
			children = (
				929E31E3152353F400292E14 /* Landscape_VC.h */,
				929E31E4152353F400292E14 /* Landscape_VC.m */,
				929E31E5152353F400292E14 /* Landscape_VC.xib */,
			);
			path = Landscape_VC;
			sourceTree = "<group>";
		};
		92BB9D8D152300E000292313 /* UserDetail_VC */ = {
			isa = PBXGroup;
			children = (
				92BB9D93152300F100292313 /* DetailHeader */,
				92BB9D8E152300EC00292313 /* UserDetail_VC.h */,
				92BB9D8F152300EC00292313 /* UserDetail_VC.m */,
			);
			path = UserDetail_VC;
			sourceTree = "<group>";
		};
		92BB9D93152300F100292313 /* DetailHeader */ = {
			isa = PBXGroup;
			children = (
				92BB9D941523010800292313 /* DetailHeader.h */,
				92BB9D951523010800292313 /* DetailHeader.m */,
			);
			name = DetailHeader;
			sourceTree = "<group>";
		};
		92BB9DA115230E3800292313 /* Calendar_VC */ = {
			isa = PBXGroup;
			children = (
				92BB9DA215230E4400292313 /* Calendar_VC.h */,
				92BB9DA315230E4400292313 /* Calendar_VC.m */,
			);
			path = Calendar_VC;
			sourceTree = "<group>";
		};
		92BB9DB7152313E100292313 /* Workout_VC */ = {
			isa = PBXGroup;
			children = (
				92C3EB0D152CBEB5002E218F /* Detailed */,
				929E31CF1523486300292E14 /* AddWorkout */,
				92BB9DB8152313EF00292313 /* Workout_VC.h */,
				92BB9DB9152313EF00292313 /* Workout_VC.m */,
				92C11DAE1524ADE7001D34C1 /* Workouts_VC.h */,
				92C11DAF1524ADE7001D34C1 /* Workouts_VC.m */,
				92D59180153592FD000B6E1C /* Log_VC.h */,
				92D59181153592FD000B6E1C /* Log_VC.m */,
				92D59182153592FE000B6E1C /* Log_VC.xib */,
			);
			path = Workout_VC;
			sourceTree = "<group>";
		};
		92BB9DBF15231D4C00292313 /* SheduleDetail_VC */ = {
			isa = PBXGroup;
			children = (
				92BB9DC71523231400292313 /* Options */,
				92BB9DC015231D5A00292313 /* SheduleDetail_VC.h */,
				92BB9DC115231D5A00292313 /* SheduleDetail_VC.m */,
				92E17BFB1524977600048B81 /* Training_VC.h */,
				92E17BFC1524977600048B81 /* Training_VC.m */,
				92E17BFD1524977600048B81 /* Training_VC.xib */,
			);
			path = SheduleDetail_VC;
			sourceTree = "<group>";
		};
		92BB9DC71523231400292313 /* Options */ = {
			isa = PBXGroup;
			children = (
				92BB9DC81523232A00292313 /* SheduleDate_VC.h */,
				92BB9DC91523232A00292313 /* SheduleDate_VC.m */,
				92BB9DCD152323C900292313 /* SheduleRepeates_VC.h */,
				92BB9DCE152323CA00292313 /* SheduleRepeates_VC.m */,
			);
			name = Options;
			sourceTree = "<group>";
		};
		92BB9DE115232BA100292313 /* Settings_VC */ = {
			isa = PBXGroup;
			children = (
				92BB9DE815232C7900292313 /* Settings_VC.h */,
				92BB9DE915232C7900292313 /* Settings_VC.m */,
				92BB9DEA15232C7900292313 /* Settings_VC.xib */,
			);
			name = Settings_VC;
			path = TrainerSettings_VC;
			sourceTree = "<group>";
		};
		92C3EB0D152CBEB5002E218F /* Detailed */ = {
			isa = PBXGroup;
			children = (
				92C3EB0F152CBF1E002E218F /* TrainingDetail_VC.xib */,
				92C3EB10152CBF1E002E218F /* Training_Shedule_VC.xib */,
				92C3EB0E152CBEC4002E218F /* Swipe */,
				92C3EB06152CBEB1002E218F /* Training_Shedule_VC.h */,
				92C3EB07152CBEB1002E218F /* Training_Shedule_VC.m */,
				92C3EB08152CBEB1002E218F /* TrainingDetail_VC.h */,
				92C3EB09152CBEB1002E218F /* TrainingDetail_VC.m */,
			);
			name = Detailed;
			sourceTree = "<group>";
		};
		92C3EB0E152CBEC4002E218F /* Swipe */ = {
			isa = PBXGroup;
			children = (
				92C3EB04152CBEB0002E218F /* SwipeCell.h */,
				92C3EB05152CBEB0002E218F /* SwipeCell.m */,
			);
			name = Swipe;
			sourceTree = "<group>";
		};
		92E17BB01524573300048B81 /* YourGoals_VC */ = {
			isa = PBXGroup;
			children = (
				92E17BB11524574400048B81 /* YourGoals_VC.h */,
				92E17BB21524574400048B81 /* YourGoals_VC.m */,
				92E17BB31524574400048B81 /* YourGoals_VC.xib */,
			);
			path = YourGoals_VC;
			sourceTree = "<group>";
		};
		92E17BBE15246AB000048B81 /* Plan_VC */ = {
			isa = PBXGroup;
			children = (
				92E17BBF15246AC400048B81 /* Plan_VC.h */,
				92E17BC015246AC400048B81 /* Plan_VC.m */,
				92E17BC115246AC400048B81 /* Plan_VC.xib */,
			);
			path = Plan_VC;
			sourceTree = "<group>";
		};
/* End PBXGroup section */

/* Begin PBXNativeTarget section */
		923C86AA15220A4F000F0931 /* Trainer */ = {
			isa = PBXNativeTarget;
			buildConfigurationList = 923C86C915220A4F000F0931 /* Build configuration list for PBXNativeTarget "Trainer" */;
			buildPhases = (
				923C86A715220A4F000F0931 /* Sources */,
				923C86A815220A4F000F0931 /* Frameworks */,
				923C86A915220A4F000F0931 /* Resources */,
			);
			buildRules = (
			);
			dependencies = (
			);
			name = Trainer;
			productName = Trainer;
			productReference = 923C86AB15220A4F000F0931 /* Trainer.app */;
			productType = "com.apple.product-type.application";
		};
/* End PBXNativeTarget section */

/* Begin PBXProject section */
		923C86A215220A4F000F0931 /* Project object */ = {
			isa = PBXProject;
			attributes = {
				LastUpgradeCheck = 0420;
			};
			buildConfigurationList = 923C86A515220A4F000F0931 /* Build configuration list for PBXProject "Trainer" */;
			compatibilityVersion = "Xcode 3.2";
			developmentRegion = English;
			hasScannedForEncodings = 0;
			knownRegions = (
				en,
			);
			mainGroup = 923C86A015220A4F000F0931;
			productRefGroup = 923C86AC15220A4F000F0931 /* Products */;
			projectDirPath = "";
			projectRoot = "";
			targets = (
				923C86AA15220A4F000F0931 /* Trainer */,
			);
		};
/* End PBXProject section */

/* Begin PBXResourcesBuildPhase section */
		923C86A915220A4F000F0931 /* Resources */ = {
			isa = PBXResourcesBuildPhase;
			buildActionMask = 2147483647;
			files = (
				923C86E515220DA5000F0931 /* ava_1.png in Resources */,
				923C86E615220DA5000F0931 /* ava_2.png in Resources */,
				923C86E715220DA5000F0931 /* ava_2@2x.png in Resources */,
				923C86E815220DA5000F0931 /* ava_1@2x.png in Resources */,
				92BB9D8B152300BC00292313 /* Home_VC.xib in Resources */,
				92BB9D9C15230A7B00292313 /* UserDetail_VC.xib in Resources */,
				92BB9DA615230E5100292313 /* Calendar_VC.xib in Resources */,
				92BB9DA915230F9700292313 /* calendar.png in Resources */,
				92BB9DAA15230F9700292313 /* calendar@2x.png in Resources */,
				92BB9DB11523102500292313 /* exercise_fitnes.png in Resources */,
				92BB9DB21523102500292313 /* exercise_fitnes@2x.png in Resources */,
				92BB9DBC152313FD00292313 /* Workout_VC.xib in Resources */,
				92BB9DBE1523150800292313 /* ava_3.png in Resources */,
				92BB9DC415231DAD00292313 /* SheduleDetail_VC.xib in Resources */,
				92BB9DC61523227A00292313 /* arrow.png in Resources */,
				92BB9DD4152324A600292313 /* SheduleDate_VC.xib in Resources */,
				92BB9DD5152324A600292313 /* SheduleRepeates_VC.xib in Resources */,
				92BB9DEC15232C7900292313 /* Settings_VC.xib in Resources */,
				92BB9DEF15232E4C00292313 /* trainer_ava.png in Resources */,
				92BB9DF015232E4C00292313 /* trainer_ava@2x.png in Resources */,
				92BB9DF21523341A00292313 /* logout.png in Resources */,
				92BB9DFC15233DC400292313 /* Add Icon (green).png in Resources */,
				92BB9DFD15233DC400292313 /* Add Icon (green)@2x.png in Resources */,
				929E31D71523488900292E14 /* AddWorkout_VC.xib in Resources */,
				929E31E7152353F400292E14 /* Landscape_VC.xib in Resources */,
				92E17BAE15244FB300048B81 /* icon_2.jpg in Resources */,
				92E17BB51524574400048B81 /* YourGoals_VC.xib in Resources */,
				92E17BB815245A8900048B81 /* checkbox_1.png in Resources */,
				92E17BB915245A8900048B81 /* checkbox_0.png in Resources */,
				92E17BBC15245B3800048B81 /* checkbox_0@2x.png in Resources */,
				92E17BBD15245B3800048B81 /* checkbox_1@2x.png in Resources */,
				92E17BC315246AC400048B81 /* Plan_VC.xib in Resources */,
				92E17BFF1524977600048B81 /* Training_VC.xib in Resources */,
				92C11DB31524ADF1001D34C1 /* Workouts_VC.xib in Resources */,
				92C3EAF3152CB506002E218F /* 31_2.jpg in Resources */,
				92C3EAF6152CB674002E218F /* 1.txt in Resources */,
				92C3EB11152CBF1E002E218F /* TrainingDetail_VC.xib in Resources */,
				92C3EB12152CBF1E002E218F /* Training_Shedule_VC.xib in Resources */,
				928CCD9C152D9196003C88C1 /* Gym Back.png in Resources */,
				928CCD9D152D9196003C88C1 /* Gym Back@2x.png in Resources */,
				928CCD9E152D9196003C88C1 /* fitness ava_2.png in Resources */,
				928CCD9F152D9196003C88C1 /* fitness ava_2@2x.png in Resources */,
				928CCDA3152D9264003C88C1 /* Gym Lower Body.png in Resources */,
				928CCDA4152D9264003C88C1 /* Gym Lower Body@2x.png in Resources */,
				928CCDA7152D92DC003C88C1 /* Gym Chest.png in Resources */,
				928CCDA8152D92DC003C88C1 /* Gym Chest@2x.png in Resources */,
				928CCDD5152DBE00003C88C1 /* running.png in Resources */,
				928CCDD6152DBE00003C88C1 /* running@2x.png in Resources */,
				928CCDDA152DBE63003C88C1 /* basketball.png in Resources */,
				928CCDDB152DBE63003C88C1 /* basketball@2x.png in Resources */,
				928CCDDE152DBEB0003C88C1 /* tennis.png in Resources */,
				928CCDDF152DBEB0003C88C1 /* tennis@2x.png in Resources */,
				928CCE0F152DE1B5003C88C1 /* Lying Leg Curls.png in Resources */,
				928CCE10152DE1B5003C88C1 /* Lying Leg Curls@2x.png in Resources */,
				928CCE11152DE1B5003C88C1 /* One-Legged Cable Kickback.png in Resources */,
				928CCE12152DE1B5003C88C1 /* One-Legged Cable Kickback@2x.png in Resources */,
				928CCE13152DE1B5003C88C1 /* Hurdle Hops.png in Resources */,
				928CCE14152DE1B5003C88C1 /* Hurdle Hops@2x.png in Resources */,
				928CCE18152DE21D003C88C1 /* Leg Press.png in Resources */,
				928CCE19152DE21D003C88C1 /* Leg Press@2x.png in Resources */,
				928CCE1E152DE337003C88C1 /* One Arm Kettebell Clean.png in Resources */,
				928CCE1F152DE337003C88C1 /* One Arm Kettebell Clean@2x.png in Resources */,
				928CCE20152DE337003C88C1 /* Barbell Squat.png in Resources */,
				928CCE21152DE337003C88C1 /* Barbell Squat@2x.png in Resources */,
				928CCE4B152DE4B8003C88C1 /* Frog Hops.png in Resources */,
				928CCE4C152DE4B8003C88C1 /* Frog Hops@2x.png in Resources */,
				928CCE4D152DE4B8003C88C1 /* Deadlift.png in Resources */,
				928CCE4E152DE4B8003C88C1 /* Deadlift@2x.png in Resources */,
				92D5917A15358EE0000B6E1C /* Fitness-Trainer-Header.jpg in Resources */,
				92D59184153592FF000B6E1C /* Log_VC.xib in Resources */,
				929A2F45153D93B4001E0E5F /* 1. cardio.png in Resources */,
				929A2F46153D93B4001E0E5F /* 4. Plyometric-5.png in Resources */,
				929A2F47153D93B4001E0E5F /* 03.Strength.png in Resources */,
				929A2F48153D93B4001E0E5F /* 02. Strength.png in Resources */,
			);
			runOnlyForDeploymentPostprocessing = 0;
		};
/* End PBXResourcesBuildPhase section */

/* Begin PBXSourcesBuildPhase section */
		923C86A715220A4F000F0931 /* Sources */ = {
			isa = PBXSourcesBuildPhase;
			buildActionMask = 2147483647;
			files = (
				923C86BC15220A4F000F0931 /* main.m in Sources */,
				923C86D715220AD7000F0931 /* TrainerAppDelegate.m in Sources */,
				923C86DF15220B1C000F0931 /* Home_VC.m in Sources */,
				92BB9D91152300EC00292313 /* UserDetail_VC.m in Sources */,
				92BB9D961523010800292313 /* DetailHeader.m in Sources */,
				92BB9DA415230E4400292313 /* Calendar_VC.m in Sources */,
				92BB9DBA152313EF00292313 /* Workout_VC.m in Sources */,
				92BB9DC215231D5A00292313 /* SheduleDetail_VC.m in Sources */,
				92BB9DCB1523232A00292313 /* SheduleDate_VC.m in Sources */,
				92BB9DD0152323CA00292313 /* SheduleRepeates_VC.m in Sources */,
				92BB9DEB15232C7900292313 /* Settings_VC.m in Sources */,
				929E31D41523487C00292E14 /* AddWorkout_VC.m in Sources */,
				929E31E6152353F400292E14 /* Landscape_VC.m in Sources */,
				92E17BB41524574400048B81 /* YourGoals_VC.m in Sources */,
				92E17BC215246AC400048B81 /* Plan_VC.m in Sources */,
				92E17BFE1524977600048B81 /* Training_VC.m in Sources */,
				92C11DB01524ADE7001D34C1 /* Workouts_VC.m in Sources */,
				92C3EB0A152CBEB1002E218F /* SwipeCell.m in Sources */,
				92C3EB0B152CBEB1002E218F /* Training_Shedule_VC.m in Sources */,
				92C3EB0C152CBEB1002E218F /* TrainingDetail_VC.m in Sources */,
				92D59183153592FF000B6E1C /* Log_VC.m in Sources */,
			);
			runOnlyForDeploymentPostprocessing = 0;
		};
/* End PBXSourcesBuildPhase section */

/* Begin XCBuildConfiguration section */
		923C86C715220A4F000F0931 /* Debug */ = {
			isa = XCBuildConfiguration;
			buildSettings = {
				ALWAYS_SEARCH_USER_PATHS = NO;
				ARCHS = "$(ARCHS_STANDARD_32_BIT)";
				CLANG_ENABLE_OBJC_ARC = YES;
				CODE_SIGN_IDENTITY = "iPhone Developer: Dmitry Tatievsky (QF474953DP)";
				"CODE_SIGN_IDENTITY[sdk=iphoneos*]" = "iPhone Developer: Dmitry Tatievsky (QF474953DP)";
				COPY_PHASE_STRIP = NO;
				GCC_C_LANGUAGE_STANDARD = gnu99;
				GCC_DYNAMIC_NO_PIC = NO;
				GCC_OPTIMIZATION_LEVEL = 0;
				GCC_PREPROCESSOR_DEFINITIONS = (
					"DEBUG=1",
					"$(inherited)",
				);
				GCC_SYMBOLS_PRIVATE_EXTERN = NO;
				GCC_VERSION = com.apple.compilers.llvm.clang.1_0;
				GCC_WARN_ABOUT_MISSING_PROTOTYPES = YES;
				GCC_WARN_ABOUT_RETURN_TYPE = YES;
				GCC_WARN_UNUSED_VARIABLE = YES;
				IPHONEOS_DEPLOYMENT_TARGET = 5.0;
				PROVISIONING_PROFILE = "A4B55EAF-771A-4E22-9AB0-E2958565AE8D";
				"PROVISIONING_PROFILE[sdk=iphoneos*]" = "A4B55EAF-771A-4E22-9AB0-E2958565AE8D";
				SDKROOT = iphoneos;
			};
			name = Debug;
		};
		923C86C815220A4F000F0931 /* Release */ = {
			isa = XCBuildConfiguration;
			buildSettings = {
				ALWAYS_SEARCH_USER_PATHS = NO;
				ARCHS = "$(ARCHS_STANDARD_32_BIT)";
				CLANG_ENABLE_OBJC_ARC = YES;
				CODE_SIGN_IDENTITY = "iPhone Developer: Dmitry Tatievsky (QF474953DP)";
				"CODE_SIGN_IDENTITY[sdk=iphoneos*]" = "iPhone Developer: Dmitry Tatievsky (QF474953DP)";
				COPY_PHASE_STRIP = YES;
				GCC_C_LANGUAGE_STANDARD = gnu99;
				GCC_VERSION = com.apple.compilers.llvm.clang.1_0;
				GCC_WARN_ABOUT_MISSING_PROTOTYPES = YES;
				GCC_WARN_ABOUT_RETURN_TYPE = YES;
				GCC_WARN_UNUSED_VARIABLE = YES;
				IPHONEOS_DEPLOYMENT_TARGET = 5.0;
				OTHER_CFLAGS = "-DNS_BLOCK_ASSERTIONS=1";
				PROVISIONING_PROFILE = "A4B55EAF-771A-4E22-9AB0-E2958565AE8D";
				"PROVISIONING_PROFILE[sdk=iphoneos*]" = "A4B55EAF-771A-4E22-9AB0-E2958565AE8D";
				SDKROOT = iphoneos;
				VALIDATE_PRODUCT = YES;
			};
			name = Release;
		};
		923C86CA15220A4F000F0931 /* Debug */ = {
			isa = XCBuildConfiguration;
			buildSettings = {
				CODE_SIGN_IDENTITY = "iPhone Developer: Andrii Morozevych (8VPKD254UM)";
				"CODE_SIGN_IDENTITY[sdk=iphoneos*]" = "iPhone Developer: Andrii Morozevych (8VPKD254UM)";
				GCC_PRECOMPILE_PREFIX_HEADER = YES;
				GCC_PREFIX_HEADER = "Trainer/Trainer-Prefix.pch";
				INFOPLIST_FILE = "Trainer/Trainer-Info.plist";
				IPHONEOS_DEPLOYMENT_TARGET = 4.3;
				PRODUCT_NAME = "$(TARGET_NAME)";
				PROVISIONING_PROFILE = "BE444CA0-3FF8-489E-890A-4F9BC00181AB";
				"PROVISIONING_PROFILE[sdk=iphoneos*]" = "BE444CA0-3FF8-489E-890A-4F9BC00181AB";
				WRAPPER_EXTENSION = app;
			};
			name = Debug;
		};
		923C86CB15220A4F000F0931 /* Release */ = {
			isa = XCBuildConfiguration;
			buildSettings = {
				CODE_SIGN_IDENTITY = "iPhone Developer: Andrii Morozevych (8VPKD254UM)";
				"CODE_SIGN_IDENTITY[sdk=iphoneos*]" = "iPhone Developer: Andrii Morozevych (8VPKD254UM)";
				GCC_PRECOMPILE_PREFIX_HEADER = YES;
				GCC_PREFIX_HEADER = "Trainer/Trainer-Prefix.pch";
				INFOPLIST_FILE = "Trainer/Trainer-Info.plist";
				IPHONEOS_DEPLOYMENT_TARGET = 4.3;
				PRODUCT_NAME = "$(TARGET_NAME)";
				PROVISIONING_PROFILE = "BE444CA0-3FF8-489E-890A-4F9BC00181AB";
				"PROVISIONING_PROFILE[sdk=iphoneos*]" = "BE444CA0-3FF8-489E-890A-4F9BC00181AB";
				WRAPPER_EXTENSION = app;
			};
			name = Release;
		};
/* End XCBuildConfiguration section */

/* Begin XCConfigurationList section */
		923C86A515220A4F000F0931 /* Build configuration list for PBXProject "Trainer" */ = {
			isa = XCConfigurationList;
			buildConfigurations = (
				923C86C715220A4F000F0931 /* Debug */,
				923C86C815220A4F000F0931 /* Release */,
			);
			defaultConfigurationIsVisible = 0;
			defaultConfigurationName = Release;
		};
		923C86C915220A4F000F0931 /* Build configuration list for PBXNativeTarget "Trainer" */ = {
			isa = XCConfigurationList;
			buildConfigurations = (
				923C86CA15220A4F000F0931 /* Debug */,
				923C86CB15220A4F000F0931 /* Release */,
			);
			defaultConfigurationIsVisible = 0;
			defaultConfigurationName = Release;
		};
/* End XCConfigurationList section */
	};
	rootObject = 923C86A215220A4F000F0931 /* Project object */;
}
